// !$*UTF8*$!
{
	archiveVersion = 1;
	classes = {
	};
	objectVersion = 46;
	objects = {

/* Begin PBXBuildFile section */
		D70435221DC9704F00EF5FAE /* YUGPUImageCVPixelBufferInput.m in Sources */ = {isa = PBXBuildFile; fileRef = D70435211DC9704F00EF5FAE /* YUGPUImageCVPixelBufferInput.m */; };
		D70435251DC988A800EF5FAE /* GPUImageMyBeautifyFilter.m in Sources */ = {isa = PBXBuildFile; fileRef = D70435241DC988A800EF5FAE /* GPUImageMyBeautifyFilter.m */; };
		D71CAB2D1DE62D0500DC890E /* FaceDetector.m in Sources */ = {isa = PBXBuildFile; fileRef = D71CAB2C1DE62D0500DC890E /* FaceDetector.m */; };
		D71CAB311DE6347C00DC890E /* FaceDetectManager.m in Sources */ = {isa = PBXBuildFile; fileRef = D71CAB301DE6347C00DC890E /* FaceDetectManager.m */; };
		D722D5F41DF90FC50067F1A9 /* PomeloProtocol.m in Sources */ = {isa = PBXBuildFile; fileRef = D722D5F01DF90FC50067F1A9 /* PomeloProtocol.m */; };
		D722D5F51DF90FC50067F1A9 /* Pomelo.m in Sources */ = {isa = PBXBuildFile; fileRef = D722D5F21DF90FC50067F1A9 /* Pomelo.m */; };
		D722D6031DF9112A0067F1A9 /* SocketIOTransportXHR.m in Sources */ = {isa = PBXBuildFile; fileRef = D722D5F81DF9112A0067F1A9 /* SocketIOTransportXHR.m */; };
		D722D6041DF9112A0067F1A9 /* SocketIOTransportWebsocket.m in Sources */ = {isa = PBXBuildFile; fileRef = D722D5FA1DF9112A0067F1A9 /* SocketIOTransportWebsocket.m */; };
		D722D6051DF9112A0067F1A9 /* SocketIOPacket.m in Sources */ = {isa = PBXBuildFile; fileRef = D722D5FD1DF9112A0067F1A9 /* SocketIOPacket.m */; };
		D722D6061DF9112A0067F1A9 /* SocketIOJSONSerialization.m in Sources */ = {isa = PBXBuildFile; fileRef = D722D5FF1DF9112A0067F1A9 /* SocketIOJSONSerialization.m */; };
		D722D6071DF9112A0067F1A9 /* SocketIO.m in Sources */ = {isa = PBXBuildFile; fileRef = D722D6011DF9112A0067F1A9 /* SocketIO.m */; };
		D722D6101DF9116A0067F1A9 /* SRWebSocket.m in Sources */ = {isa = PBXBuildFile; fileRef = D722D6091DF9116A0067F1A9 /* SRWebSocket.m */; };
		D722D6111DF9116A0067F1A9 /* NSData+SRB64Additions.m in Sources */ = {isa = PBXBuildFile; fileRef = D722D60C1DF9116A0067F1A9 /* NSData+SRB64Additions.m */; };
		D722D6121DF9116A0067F1A9 /* base64.c in Sources */ = {isa = PBXBuildFile; fileRef = D722D60F1DF9116A0067F1A9 /* base64.c */; };
		D722D6161DF911CD0067F1A9 /* GameManager.m in Sources */ = {isa = PBXBuildFile; fileRef = D722D6151DF911CD0067F1A9 /* GameManager.m */; };
		D726B0AF1DDE84E2002B9068 /* StreamCell.m in Sources */ = {isa = PBXBuildFile; fileRef = D726B0AD1DDE84E2002B9068 /* StreamCell.m */; };
		D726B0B01DDE84E2002B9068 /* StreamCell.xib in Resources */ = {isa = PBXBuildFile; fileRef = D726B0AE1DDE84E2002B9068 /* StreamCell.xib */; };
		D726B0B31DDEC093002B9068 /* BroadcasterDatasource.m in Sources */ = {isa = PBXBuildFile; fileRef = D726B0B21DDEC093002B9068 /* BroadcasterDatasource.m */; };
		D726B0B61DDEE5F2002B9068 /* ListRequest.m in Sources */ = {isa = PBXBuildFile; fileRef = D726B0B51DDEE5F2002B9068 /* ListRequest.m */; };
		D74338BA1DD46BBB00CC3831 /* GPUImage.framework in Embed Frameworks */ = {isa = PBXBuildFile; fileRef = D74338B71DD46BB200CC3831 /* GPUImage.framework */; settings = {ATTRIBUTES = (CodeSignOnCopy, RemoveHeadersOnCopy, ); }; };
		D74338BB1DD46BD000CC3831 /* GPUImage.framework in Frameworks */ = {isa = PBXBuildFile; fileRef = D74338B71DD46BB200CC3831 /* GPUImage.framework */; };
		D74B3B911DF44C2B00539722 /* ParamsController.m in Sources */ = {isa = PBXBuildFile; fileRef = D74B3B901DF44C2B00539722 /* ParamsController.m */; };
		D7501A701E049F82000C7DED /* Scene.m in Sources */ = {isa = PBXBuildFile; fileRef = D7501A6F1E049F82000C7DED /* Scene.m */; };
		D7501A731E049FB1000C7DED /* Card.m in Sources */ = {isa = PBXBuildFile; fileRef = D7501A721E049FB1000C7DED /* Card.m */; };
		D7501A761E04A282000C7DED /* CardValue.m in Sources */ = {isa = PBXBuildFile; fileRef = D7501A751E04A282000C7DED /* CardValue.m */; };
		D7501A7D1E04ED74000C7DED /* LiveAlertView.m in Sources */ = {isa = PBXBuildFile; fileRef = D7501A7C1E04ED74000C7DED /* LiveAlertView.m */; };
		D75590111DDC67D80050BB47 /* SettingViewController.m in Sources */ = {isa = PBXBuildFile; fileRef = D75590101DDC67D80050BB47 /* SettingViewController.m */; };
		D76D22561E20892600AB5D98 /* Broad.m in Sources */ = {isa = PBXBuildFile; fileRef = D76D22541E20892600AB5D98 /* Broad.m */; };
		D76E56E01DD6A1BB004BE5B9 /* CustomerNavigationController.m in Sources */ = {isa = PBXBuildFile; fileRef = D76E56DF1DD6A1BB004BE5B9 /* CustomerNavigationController.m */; };
		D76E56E31DD6A2BD004BE5B9 /* ColorConstant.m in Sources */ = {isa = PBXBuildFile; fileRef = D76E56E21DD6A2BD004BE5B9 /* ColorConstant.m */; };
		D76E56E71DD7E5C7004BE5B9 /* CustomerTabBarController.m in Sources */ = {isa = PBXBuildFile; fileRef = D76E56E61DD7E5C7004BE5B9 /* CustomerTabBarController.m */; };
		D76E56EA1DD91C37004BE5B9 /* LuluRequest.m in Sources */ = {isa = PBXBuildFile; fileRef = D76E56E91DD91C37004BE5B9 /* LuluRequest.m */; };
		D76E56ED1DD91C8D004BE5B9 /* Broadcaster.m in Sources */ = {isa = PBXBuildFile; fileRef = D76E56EC1DD91C8D004BE5B9 /* Broadcaster.m */; };
		D76E56F01DD924E3004BE5B9 /* LoginRequest.m in Sources */ = {isa = PBXBuildFile; fileRef = D76E56EF1DD924E3004BE5B9 /* LoginRequest.m */; };
		D77EA5BB1DE12FA5008B0669 /* HistoryViewController.m in Sources */ = {isa = PBXBuildFile; fileRef = D77EA5BA1DE12FA5008B0669 /* HistoryViewController.m */; };
		D77EA5BE1DE14B52008B0669 /* HistoryRequest.m in Sources */ = {isa = PBXBuildFile; fileRef = D77EA5BD1DE14B52008B0669 /* HistoryRequest.m */; };
		D77EA5C61DE1976E008B0669 /* HistoryDatasource.m in Sources */ = {isa = PBXBuildFile; fileRef = D77EA5C51DE1976E008B0669 /* HistoryDatasource.m */; };
		D77EA5CB1DE1A1FC008B0669 /* HistoryCell.m in Sources */ = {isa = PBXBuildFile; fileRef = D77EA5C91DE1A1FC008B0669 /* HistoryCell.m */; };
		D77EA5CC1DE1A1FC008B0669 /* HistoryCell.xib in Resources */ = {isa = PBXBuildFile; fileRef = D77EA5CA1DE1A1FC008B0669 /* HistoryCell.xib */; };
		D77EA5CF1DE2C7EA008B0669 /* Transaction.m in Sources */ = {isa = PBXBuildFile; fileRef = D77EA5CE1DE2C7EA008B0669 /* Transaction.m */; };
		D77EA5D31DE2C8C9008B0669 /* User.m in Sources */ = {isa = PBXBuildFile; fileRef = D77EA5D21DE2C8C9008B0669 /* User.m */; };
		D77EA5D61DE2D321008B0669 /* TransactionRequest.m in Sources */ = {isa = PBXBuildFile; fileRef = D77EA5D51DE2D321008B0669 /* TransactionRequest.m */; };
		D77EA5DA1DE2D71F008B0669 /* TransactionDatasource.m in Sources */ = {isa = PBXBuildFile; fileRef = D77EA5D91DE2D71F008B0669 /* TransactionDatasource.m */; };
		D77EA5DE1DE2D9D1008B0669 /* TransactionViewController.m in Sources */ = {isa = PBXBuildFile; fileRef = D77EA5DD1DE2D9D1008B0669 /* TransactionViewController.m */; };
		D77EA5E31DE2DD1F008B0669 /* TransactionCell.m in Sources */ = {isa = PBXBuildFile; fileRef = D77EA5E11DE2DD1F008B0669 /* TransactionCell.m */; };
		D77EA5E41DE2DD1F008B0669 /* TransactionCell.xib in Resources */ = {isa = PBXBuildFile; fileRef = D77EA5E21DE2DD1F008B0669 /* TransactionCell.xib */; };
		D77EA5ED1DE2E3B6008B0669 /* NavigationRouter.m in Sources */ = {isa = PBXBuildFile; fileRef = D77EA5EC1DE2E3B6008B0669 /* NavigationRouter.m */; };
		D77EA5F11DE2E3CD008B0669 /* NSDate+TimeAgo.m in Sources */ = {isa = PBXBuildFile; fileRef = D77EA5EF1DE2E3CD008B0669 /* NSDate+TimeAgo.m */; };
		D77EA5F21DE2E3CD008B0669 /* NSDateTimeAgo.bundle in Resources */ = {isa = PBXBuildFile; fileRef = D77EA5F01DE2E3CD008B0669 /* NSDateTimeAgo.bundle */; };
		D7850CDD1DDFC8B900E21D8A /* DanmuManager.m in Sources */ = {isa = PBXBuildFile; fileRef = D7850CDC1DDFC8B900E21D8A /* DanmuManager.m */; };
		D7850CE01DDFCA0300E21D8A /* Danmu.m in Sources */ = {isa = PBXBuildFile; fileRef = D7850CDF1DDFCA0300E21D8A /* Danmu.m */; };
		D7850CE31DDFCBD900E21D8A /* DanmuDatasource.m in Sources */ = {isa = PBXBuildFile; fileRef = D7850CE21DDFCBD900E21D8A /* DanmuDatasource.m */; };
		D7850CE91DDFEB4B00E21D8A /* DanmuCell.m in Sources */ = {isa = PBXBuildFile; fileRef = D7850CE71DDFEB4B00E21D8A /* DanmuCell.m */; };
		D7850CEA1DDFEB4B00E21D8A /* DanmuCell.xib in Resources */ = {isa = PBXBuildFile; fileRef = D7850CE81DDFEB4B00E21D8A /* DanmuCell.xib */; };
		D78D0B611DDA7CA100B01108 /* LoginController.m in Sources */ = {isa = PBXBuildFile; fileRef = D78D0B5F1DDA7CA100B01108 /* LoginController.m */; };
		D78D0B621DDA7CA100B01108 /* LoginController.xib in Resources */ = {isa = PBXBuildFile; fileRef = D78D0B601DDA7CA100B01108 /* LoginController.xib */; };
		D78D0C441DDD2C2E00DE1193 /* LuluSocket.m in Sources */ = {isa = PBXBuildFile; fileRef = D78D0C431DDD2C2E00DE1193 /* LuluSocket.m */; };
		D78D0C4A1DDD2C8700DE1193 /* DanmuSocket.m in Sources */ = {isa = PBXBuildFile; fileRef = D78D0C491DDD2C8700DE1193 /* DanmuSocket.m */; };
		D7979E1E1DCB50AC0056B35A /* CoreData.framework in Frameworks */ = {isa = PBXBuildFile; fileRef = D7979E1D1DCB50AC0056B35A /* CoreData.framework */; };
		D7AEC2071DD1996300F9BC7F /* libz.tbd in Frameworks */ = {isa = PBXBuildFile; fileRef = D7AEC2061DD1996300F9BC7F /* libz.tbd */; };
		D7AEC2091DD1997300F9BC7F /* libstdc++.tbd in Frameworks */ = {isa = PBXBuildFile; fileRef = D7AEC2081DD1997300F9BC7F /* libstdc++.tbd */; };
		D7BA5C631DCAD78C000F1AB7 /* LiveController.m in Sources */ = {isa = PBXBuildFile; fileRef = D7BA5C611DCAD78C000F1AB7 /* LiveController.m */; };
		D7BA5C641DCAD78C000F1AB7 /* LiveController.xib in Resources */ = {isa = PBXBuildFile; fileRef = D7BA5C621DCAD78C000F1AB7 /* LiveController.xib */; };
		D7D4AEDB1DC7F33D00A782F7 /* main.m in Sources */ = {isa = PBXBuildFile; fileRef = D7D4AEDA1DC7F33D00A782F7 /* main.m */; };
		D7D4AEDE1DC7F33D00A782F7 /* AppDelegate.m in Sources */ = {isa = PBXBuildFile; fileRef = D7D4AEDD1DC7F33D00A782F7 /* AppDelegate.m */; };
		D7D4AEE41DC7F33D00A782F7 /* Main.storyboard in Resources */ = {isa = PBXBuildFile; fileRef = D7D4AEE21DC7F33D00A782F7 /* Main.storyboard */; };
		D7D4AEE61DC7F33E00A782F7 /* Assets.xcassets in Resources */ = {isa = PBXBuildFile; fileRef = D7D4AEE51DC7F33E00A782F7 /* Assets.xcassets */; };
		D7D4AEE91DC7F33E00A782F7 /* LaunchScreen.storyboard in Resources */ = {isa = PBXBuildFile; fileRef = D7D4AEE71DC7F33E00A782F7 /* LaunchScreen.storyboard */; };
		D7D4AF0A1DC8037100A782F7 /* UserSession.m in Sources */ = {isa = PBXBuildFile; fileRef = D7D4AF091DC8037100A782F7 /* UserSession.m */; };
		D7D4AF0C1DC8065800A782F7 /* Security.framework in Frameworks */ = {isa = PBXBuildFile; fileRef = D7D4AF0B1DC8065800A782F7 /* Security.framework */; };
		D7D4AF141DC80B4400A782F7 /* HomepageController.m in Sources */ = {isa = PBXBuildFile; fileRef = D7D4AF131DC80B4400A782F7 /* HomepageController.m */; };
		D7D4AF181DC80E7700A782F7 /* CameraManager.m in Sources */ = {isa = PBXBuildFile; fileRef = D7D4AF171DC80E7700A782F7 /* CameraManager.m */; };
		D7D4AF1C1DC8146400A782F7 /* StreamManager.m in Sources */ = {isa = PBXBuildFile; fileRef = D7D4AF1B1DC8146400A782F7 /* StreamManager.m */; };
		D7D4AF221DC817E400A782F7 /* SettingSession.m in Sources */ = {isa = PBXBuildFile; fileRef = D7D4AF211DC817E400A782F7 /* SettingSession.m */; };
		D7D4AF2D1DC863F100A782F7 /* LiveManager.m in Sources */ = {isa = PBXBuildFile; fileRef = D7D4AF2C1DC863F100A782F7 /* LiveManager.m */; };
		D7D6EBCA1DCAC44A005935B8 /* AVFoundation.framework in Frameworks */ = {isa = PBXBuildFile; fileRef = D7D6EBC91DCAC44A005935B8 /* AVFoundation.framework */; };
		D7D6EBCC1DCAC461005935B8 /* VideoToolbox.framework in Frameworks */ = {isa = PBXBuildFile; fileRef = D7D6EBCB1DCAC461005935B8 /* VideoToolbox.framework */; };
		D7D6EBCE1DCAC46E005935B8 /* AudioToolbox.framework in Frameworks */ = {isa = PBXBuildFile; fileRef = D7D6EBCD1DCAC46E005935B8 /* AudioToolbox.framework */; };
		D7D6EBE21DCACC1D005935B8 /* INSMediaSDK.framework in Frameworks */ = {isa = PBXBuildFile; fileRef = D7D6EBE01DCACC1D005935B8 /* INSMediaSDK.framework */; };
		D7D6EBE31DCACC1D005935B8 /* INSNanoSDK.framework in Frameworks */ = {isa = PBXBuildFile; fileRef = D7D6EBE11DCACC1D005935B8 /* INSNanoSDK.framework */; };
		D7D6EBE61DCACC31005935B8 /* INSMediaSDK.framework in Frameworks */ = {isa = PBXBuildFile; fileRef = D7D6EBE41DCACC31005935B8 /* INSMediaSDK.framework */; };
		D7D6EBE71DCACC31005935B8 /* INSMediaSDK.framework in Embed Frameworks */ = {isa = PBXBuildFile; fileRef = D7D6EBE41DCACC31005935B8 /* INSMediaSDK.framework */; settings = {ATTRIBUTES = (CodeSignOnCopy, RemoveHeadersOnCopy, ); }; };
		D7D6EBE81DCACC31005935B8 /* INSNanoSDK.framework in Frameworks */ = {isa = PBXBuildFile; fileRef = D7D6EBE51DCACC31005935B8 /* INSNanoSDK.framework */; };
		D7D6EBE91DCACC31005935B8 /* INSNanoSDK.framework in Embed Frameworks */ = {isa = PBXBuildFile; fileRef = D7D6EBE51DCACC31005935B8 /* INSNanoSDK.framework */; settings = {ATTRIBUTES = (CodeSignOnCopy, RemoveHeadersOnCopy, ); }; };
		D7D86E8D1DF286CE00815BEC /* LFGPUImageBeautyFilter.m in Sources */ = {isa = PBXBuildFile; fileRef = D7D86E8A1DF286CE00815BEC /* LFGPUImageBeautyFilter.m */; };
		D7D86E8E1DF286CE00815BEC /* LFGPUImageEmptyFilter.m in Sources */ = {isa = PBXBuildFile; fileRef = D7D86E8C1DF286CE00815BEC /* LFGPUImageEmptyFilter.m */; };
		D7D89C0A1E09126D00EA660B /* GamePlatformController.m in Sources */ = {isa = PBXBuildFile; fileRef = D7D89C081E09126D00EA660B /* GamePlatformController.m */; };
		D7D89C0B1E09126D00EA660B /* GamePlatformController.xib in Resources */ = {isa = PBXBuildFile; fileRef = D7D89C091E09126D00EA660B /* GamePlatformController.xib */; };
		D7D89C111E09235000EA660B /* BettingController.m in Sources */ = {isa = PBXBuildFile; fileRef = D7D89C0F1E09235000EA660B /* BettingController.m */; };
		D7D89C121E09235000EA660B /* BettingController.xib in Resources */ = {isa = PBXBuildFile; fileRef = D7D89C101E09235000EA660B /* BettingController.xib */; };
		D7D89C171E09FA3800EA660B /* PlayerDrawController.m in Sources */ = {isa = PBXBuildFile; fileRef = D7D89C151E09FA3800EA660B /* PlayerDrawController.m */; };
		D7D89C181E09FA3800EA660B /* PlayerDrawController.xib in Resources */ = {isa = PBXBuildFile; fileRef = D7D89C161E09FA3800EA660B /* PlayerDrawController.xib */; };
		D7DF03861E077A2E0067129B /* UserDataSource.m in Sources */ = {isa = PBXBuildFile; fileRef = D7DF03851E077A2E0067129B /* UserDataSource.m */; };
		D7DF038D1E079A5C0067129B /* ViewerCell.m in Sources */ = {isa = PBXBuildFile; fileRef = D7DF038B1E079A5C0067129B /* ViewerCell.m */; };
		D7DF038E1E079A5C0067129B /* ViewerCell.xib in Resources */ = {isa = PBXBuildFile; fileRef = D7DF038C1E079A5C0067129B /* ViewerCell.xib */; };
		F8A13342BDD6C1436E55D75B /* Pods_LuluBroadcaster.framework in Frameworks */ = {isa = PBXBuildFile; fileRef = 1383794F7AE3E4AF62FC259A /* Pods_LuluBroadcaster.framework */; };
/* End PBXBuildFile section */

/* Begin PBXCopyFilesBuildPhase section */
		D7D6EBEA1DCACC31005935B8 /* Embed Frameworks */ = {
			isa = PBXCopyFilesBuildPhase;
			buildActionMask = 2147483647;
			dstPath = "";
			dstSubfolderSpec = 10;
			files = (
				D7D6EBE91DCACC31005935B8 /* INSNanoSDK.framework in Embed Frameworks */,
				D7D6EBE71DCACC31005935B8 /* INSMediaSDK.framework in Embed Frameworks */,
				D74338BA1DD46BBB00CC3831 /* GPUImage.framework in Embed Frameworks */,
			);
			name = "Embed Frameworks";
			runOnlyForDeploymentPostprocessing = 0;
		};
/* End PBXCopyFilesBuildPhase section */

/* Begin PBXFileReference section */
		1383794F7AE3E4AF62FC259A /* Pods_LuluBroadcaster.framework */ = {isa = PBXFileReference; explicitFileType = wrapper.framework; includeInIndex = 0; path = Pods_LuluBroadcaster.framework; sourceTree = BUILT_PRODUCTS_DIR; };
		34C1BAE70B5550356746639A /* Pods-LuluBroadcaster.debug.xcconfig */ = {isa = PBXFileReference; includeInIndex = 1; lastKnownFileType = text.xcconfig; name = "Pods-LuluBroadcaster.debug.xcconfig"; path = "Pods/Target Support Files/Pods-LuluBroadcaster/Pods-LuluBroadcaster.debug.xcconfig"; sourceTree = "<group>"; };
		D70435201DC9704F00EF5FAE /* YUGPUImageCVPixelBufferInput.h */ = {isa = PBXFileReference; fileEncoding = 4; lastKnownFileType = sourcecode.c.h; name = YUGPUImageCVPixelBufferInput.h; path = Logic/Helper/buffer2image/YUGPUImageCVPixelBufferInput.h; sourceTree = "<group>"; };
		D70435211DC9704F00EF5FAE /* YUGPUImageCVPixelBufferInput.m */ = {isa = PBXFileReference; fileEncoding = 4; lastKnownFileType = sourcecode.c.objc; name = YUGPUImageCVPixelBufferInput.m; path = Logic/Helper/buffer2image/YUGPUImageCVPixelBufferInput.m; sourceTree = "<group>"; };
		D70435231DC988A800EF5FAE /* GPUImageMyBeautifyFilter.h */ = {isa = PBXFileReference; fileEncoding = 4; lastKnownFileType = sourcecode.c.h; name = GPUImageMyBeautifyFilter.h; path = Logic/Helper/filter/GPUImageMyBeautifyFilter.h; sourceTree = "<group>"; };
		D70435241DC988A800EF5FAE /* GPUImageMyBeautifyFilter.m */ = {isa = PBXFileReference; fileEncoding = 4; lastKnownFileType = sourcecode.c.objc; name = GPUImageMyBeautifyFilter.m; path = Logic/Helper/filter/GPUImageMyBeautifyFilter.m; sourceTree = "<group>"; };
		D71CAB2B1DE62D0500DC890E /* FaceDetector.h */ = {isa = PBXFileReference; fileEncoding = 4; lastKnownFileType = sourcecode.c.h; name = FaceDetector.h; path = Logic/Helper/FaceDetector/FaceDetector.h; sourceTree = "<group>"; };
		D71CAB2C1DE62D0500DC890E /* FaceDetector.m */ = {isa = PBXFileReference; fileEncoding = 4; lastKnownFileType = sourcecode.c.objc; name = FaceDetector.m; path = Logic/Helper/FaceDetector/FaceDetector.m; sourceTree = "<group>"; };
		D71CAB2F1DE6347C00DC890E /* FaceDetectManager.h */ = {isa = PBXFileReference; fileEncoding = 4; lastKnownFileType = sourcecode.c.h; name = FaceDetectManager.h; path = Managers/FaceDetectManager.h; sourceTree = "<group>"; };
		D71CAB301DE6347C00DC890E /* FaceDetectManager.m */ = {isa = PBXFileReference; fileEncoding = 4; lastKnownFileType = sourcecode.c.objc; name = FaceDetectManager.m; path = Managers/FaceDetectManager.m; sourceTree = "<group>"; };
		D722D5F01DF90FC50067F1A9 /* PomeloProtocol.m */ = {isa = PBXFileReference; fileEncoding = 4; lastKnownFileType = sourcecode.c.objc; name = PomeloProtocol.m; path = Logic/Helper/Pomelo/PomeloProtocol.m; sourceTree = "<group>"; };
		D722D5F11DF90FC50067F1A9 /* PomeloProtocol.h */ = {isa = PBXFileReference; fileEncoding = 4; lastKnownFileType = sourcecode.c.h; name = PomeloProtocol.h; path = Logic/Helper/Pomelo/PomeloProtocol.h; sourceTree = "<group>"; };
		D722D5F21DF90FC50067F1A9 /* Pomelo.m */ = {isa = PBXFileReference; fileEncoding = 4; lastKnownFileType = sourcecode.c.objc; name = Pomelo.m; path = Logic/Helper/Pomelo/Pomelo.m; sourceTree = "<group>"; };
		D722D5F31DF90FC50067F1A9 /* Pomelo.h */ = {isa = PBXFileReference; fileEncoding = 4; lastKnownFileType = sourcecode.c.h; name = Pomelo.h; path = Logic/Helper/Pomelo/Pomelo.h; sourceTree = "<group>"; };
		D722D5F81DF9112A0067F1A9 /* SocketIOTransportXHR.m */ = {isa = PBXFileReference; fileEncoding = 4; lastKnownFileType = sourcecode.c.objc; name = SocketIOTransportXHR.m; path = Logic/Helper/Pomelo/socketio/SocketIOTransportXHR.m; sourceTree = "<group>"; };
		D722D5F91DF9112A0067F1A9 /* SocketIOTransportXHR.h */ = {isa = PBXFileReference; fileEncoding = 4; lastKnownFileType = sourcecode.c.h; name = SocketIOTransportXHR.h; path = Logic/Helper/Pomelo/socketio/SocketIOTransportXHR.h; sourceTree = "<group>"; };
		D722D5FA1DF9112A0067F1A9 /* SocketIOTransportWebsocket.m */ = {isa = PBXFileReference; fileEncoding = 4; lastKnownFileType = sourcecode.c.objc; name = SocketIOTransportWebsocket.m; path = Logic/Helper/Pomelo/socketio/SocketIOTransportWebsocket.m; sourceTree = "<group>"; };
		D722D5FB1DF9112A0067F1A9 /* SocketIOTransportWebsocket.h */ = {isa = PBXFileReference; fileEncoding = 4; lastKnownFileType = sourcecode.c.h; name = SocketIOTransportWebsocket.h; path = Logic/Helper/Pomelo/socketio/SocketIOTransportWebsocket.h; sourceTree = "<group>"; };
		D722D5FC1DF9112A0067F1A9 /* SocketIOTransport.h */ = {isa = PBXFileReference; fileEncoding = 4; lastKnownFileType = sourcecode.c.h; name = SocketIOTransport.h; path = Logic/Helper/Pomelo/socketio/SocketIOTransport.h; sourceTree = "<group>"; };
		D722D5FD1DF9112A0067F1A9 /* SocketIOPacket.m */ = {isa = PBXFileReference; fileEncoding = 4; lastKnownFileType = sourcecode.c.objc; name = SocketIOPacket.m; path = Logic/Helper/Pomelo/socketio/SocketIOPacket.m; sourceTree = "<group>"; };
		D722D5FE1DF9112A0067F1A9 /* SocketIOPacket.h */ = {isa = PBXFileReference; fileEncoding = 4; lastKnownFileType = sourcecode.c.h; name = SocketIOPacket.h; path = Logic/Helper/Pomelo/socketio/SocketIOPacket.h; sourceTree = "<group>"; };
		D722D5FF1DF9112A0067F1A9 /* SocketIOJSONSerialization.m */ = {isa = PBXFileReference; fileEncoding = 4; lastKnownFileType = sourcecode.c.objc; name = SocketIOJSONSerialization.m; path = Logic/Helper/Pomelo/socketio/SocketIOJSONSerialization.m; sourceTree = "<group>"; };
		D722D6001DF9112A0067F1A9 /* SocketIOJSONSerialization.h */ = {isa = PBXFileReference; fileEncoding = 4; lastKnownFileType = sourcecode.c.h; name = SocketIOJSONSerialization.h; path = Logic/Helper/Pomelo/socketio/SocketIOJSONSerialization.h; sourceTree = "<group>"; };
		D722D6011DF9112A0067F1A9 /* SocketIO.m */ = {isa = PBXFileReference; fileEncoding = 4; lastKnownFileType = sourcecode.c.objc; name = SocketIO.m; path = Logic/Helper/Pomelo/socketio/SocketIO.m; sourceTree = "<group>"; };
		D722D6021DF9112A0067F1A9 /* SocketIO.h */ = {isa = PBXFileReference; fileEncoding = 4; lastKnownFileType = sourcecode.c.h; name = SocketIO.h; path = Logic/Helper/Pomelo/socketio/SocketIO.h; sourceTree = "<group>"; };
		D722D6091DF9116A0067F1A9 /* SRWebSocket.m */ = {isa = PBXFileReference; fileEncoding = 4; lastKnownFileType = sourcecode.c.objc; name = SRWebSocket.m; path = Logic/Helper/Pomelo/rocket/SRWebSocket.m; sourceTree = "<group>"; };
		D722D60A1DF9116A0067F1A9 /* SRWebSocket.h */ = {isa = PBXFileReference; fileEncoding = 4; lastKnownFileType = sourcecode.c.h; name = SRWebSocket.h; path = Logic/Helper/Pomelo/rocket/SRWebSocket.h; sourceTree = "<group>"; };
		D722D60B1DF9116A0067F1A9 /* SocketRocket-Prefix.pch */ = {isa = PBXFileReference; fileEncoding = 4; lastKnownFileType = sourcecode.c.h; name = "SocketRocket-Prefix.pch"; path = "Logic/Helper/Pomelo/rocket/SocketRocket-Prefix.pch"; sourceTree = "<group>"; };
		D722D60C1DF9116A0067F1A9 /* NSData+SRB64Additions.m */ = {isa = PBXFileReference; fileEncoding = 4; lastKnownFileType = sourcecode.c.objc; name = "NSData+SRB64Additions.m"; path = "Logic/Helper/Pomelo/rocket/NSData+SRB64Additions.m"; sourceTree = "<group>"; };
		D722D60D1DF9116A0067F1A9 /* NSData+SRB64Additions.h */ = {isa = PBXFileReference; fileEncoding = 4; lastKnownFileType = sourcecode.c.h; name = "NSData+SRB64Additions.h"; path = "Logic/Helper/Pomelo/rocket/NSData+SRB64Additions.h"; sourceTree = "<group>"; };
		D722D60E1DF9116A0067F1A9 /* base64.h */ = {isa = PBXFileReference; fileEncoding = 4; lastKnownFileType = sourcecode.c.h; name = base64.h; path = Logic/Helper/Pomelo/rocket/base64.h; sourceTree = "<group>"; };
		D722D60F1DF9116A0067F1A9 /* base64.c */ = {isa = PBXFileReference; fileEncoding = 4; lastKnownFileType = sourcecode.c.c; name = base64.c; path = Logic/Helper/Pomelo/rocket/base64.c; sourceTree = "<group>"; };
		D722D6141DF911CD0067F1A9 /* GameManager.h */ = {isa = PBXFileReference; fileEncoding = 4; lastKnownFileType = sourcecode.c.h; name = GameManager.h; path = Managers/GameManager.h; sourceTree = "<group>"; };
		D722D6151DF911CD0067F1A9 /* GameManager.m */ = {isa = PBXFileReference; fileEncoding = 4; lastKnownFileType = sourcecode.c.objc; name = GameManager.m; path = Managers/GameManager.m; sourceTree = "<group>"; };
		D726B0AC1DDE84E2002B9068 /* StreamCell.h */ = {isa = PBXFileReference; fileEncoding = 4; lastKnownFileType = sourcecode.c.h; name = StreamCell.h; path = Views/StreamCell.h; sourceTree = "<group>"; };
		D726B0AD1DDE84E2002B9068 /* StreamCell.m */ = {isa = PBXFileReference; fileEncoding = 4; lastKnownFileType = sourcecode.c.objc; name = StreamCell.m; path = Views/StreamCell.m; sourceTree = "<group>"; };
		D726B0AE1DDE84E2002B9068 /* StreamCell.xib */ = {isa = PBXFileReference; fileEncoding = 4; lastKnownFileType = file.xib; name = StreamCell.xib; path = Views/StreamCell.xib; sourceTree = "<group>"; };
		D726B0B11DDEC093002B9068 /* BroadcasterDatasource.h */ = {isa = PBXFileReference; fileEncoding = 4; lastKnownFileType = sourcecode.c.h; name = BroadcasterDatasource.h; path = DataSource/BroadcasterDatasource.h; sourceTree = "<group>"; };
		D726B0B21DDEC093002B9068 /* BroadcasterDatasource.m */ = {isa = PBXFileReference; fileEncoding = 4; lastKnownFileType = sourcecode.c.objc; name = BroadcasterDatasource.m; path = DataSource/BroadcasterDatasource.m; sourceTree = "<group>"; };
		D726B0B41DDEE5F2002B9068 /* ListRequest.h */ = {isa = PBXFileReference; fileEncoding = 4; lastKnownFileType = sourcecode.c.h; name = ListRequest.h; path = Request/ListRequest.h; sourceTree = "<group>"; };
		D726B0B51DDEE5F2002B9068 /* ListRequest.m */ = {isa = PBXFileReference; fileEncoding = 4; lastKnownFileType = sourcecode.c.objc; name = ListRequest.m; path = Request/ListRequest.m; sourceTree = "<group>"; };
		D74338B71DD46BB200CC3831 /* GPUImage.framework */ = {isa = PBXFileReference; lastKnownFileType = wrapper.framework; name = GPUImage.framework; path = lib/GPUImage/GPUImage.framework; sourceTree = "<group>"; };
		D74B3B8F1DF44C2B00539722 /* ParamsController.h */ = {isa = PBXFileReference; fileEncoding = 4; lastKnownFileType = sourcecode.c.h; name = ParamsController.h; path = ViewControllers/ParamsController.h; sourceTree = "<group>"; };
		D74B3B901DF44C2B00539722 /* ParamsController.m */ = {isa = PBXFileReference; fileEncoding = 4; lastKnownFileType = sourcecode.c.objc; name = ParamsController.m; path = ViewControllers/ParamsController.m; sourceTree = "<group>"; };
		D7501A6E1E049F82000C7DED /* Scene.h */ = {isa = PBXFileReference; fileEncoding = 4; lastKnownFileType = sourcecode.c.h; name = Scene.h; path = Models/Scene.h; sourceTree = "<group>"; };
		D7501A6F1E049F82000C7DED /* Scene.m */ = {isa = PBXFileReference; fileEncoding = 4; lastKnownFileType = sourcecode.c.objc; name = Scene.m; path = Models/Scene.m; sourceTree = "<group>"; };
		D7501A711E049FB1000C7DED /* Card.h */ = {isa = PBXFileReference; fileEncoding = 4; lastKnownFileType = sourcecode.c.h; name = Card.h; path = Models/Card.h; sourceTree = "<group>"; };
		D7501A721E049FB1000C7DED /* Card.m */ = {isa = PBXFileReference; fileEncoding = 4; lastKnownFileType = sourcecode.c.objc; name = Card.m; path = Models/Card.m; sourceTree = "<group>"; };
		D7501A741E04A282000C7DED /* CardValue.h */ = {isa = PBXFileReference; fileEncoding = 4; lastKnownFileType = sourcecode.c.h; name = CardValue.h; path = Models/CardValue.h; sourceTree = "<group>"; };
		D7501A751E04A282000C7DED /* CardValue.m */ = {isa = PBXFileReference; fileEncoding = 4; lastKnownFileType = sourcecode.c.objc; name = CardValue.m; path = Models/CardValue.m; sourceTree = "<group>"; };
		D7501A7B1E04ED74000C7DED /* LiveAlertView.h */ = {isa = PBXFileReference; fileEncoding = 4; lastKnownFileType = sourcecode.c.h; name = LiveAlertView.h; path = Views/alertInLive/LiveAlertView.h; sourceTree = "<group>"; };
		D7501A7C1E04ED74000C7DED /* LiveAlertView.m */ = {isa = PBXFileReference; fileEncoding = 4; lastKnownFileType = sourcecode.c.objc; name = LiveAlertView.m; path = Views/alertInLive/LiveAlertView.m; sourceTree = "<group>"; };
		D755900F1DDC67D80050BB47 /* SettingViewController.h */ = {isa = PBXFileReference; fileEncoding = 4; lastKnownFileType = sourcecode.c.h; name = SettingViewController.h; path = ViewControllers/SettingViewController.h; sourceTree = "<group>"; };
		D75590101DDC67D80050BB47 /* SettingViewController.m */ = {isa = PBXFileReference; fileEncoding = 4; lastKnownFileType = sourcecode.c.objc; name = SettingViewController.m; path = ViewControllers/SettingViewController.m; sourceTree = "<group>"; };
		D76D22541E20892600AB5D98 /* Broad.m */ = {isa = PBXFileReference; fileEncoding = 4; lastKnownFileType = sourcecode.c.objc; name = Broad.m; path = Models/Broad.m; sourceTree = "<group>"; };
		D76D22551E20892600AB5D98 /* Broad.h */ = {isa = PBXFileReference; fileEncoding = 4; lastKnownFileType = sourcecode.c.h; name = Broad.h; path = Models/Broad.h; sourceTree = "<group>"; };
		D76E56DE1DD6A1BB004BE5B9 /* CustomerNavigationController.h */ = {isa = PBXFileReference; fileEncoding = 4; lastKnownFileType = sourcecode.c.h; name = CustomerNavigationController.h; path = navigationController/CustomerNavigationController.h; sourceTree = "<group>"; };
		D76E56DF1DD6A1BB004BE5B9 /* CustomerNavigationController.m */ = {isa = PBXFileReference; fileEncoding = 4; lastKnownFileType = sourcecode.c.objc; name = CustomerNavigationController.m; path = navigationController/CustomerNavigationController.m; sourceTree = "<group>"; };
		D76E56E11DD6A2BD004BE5B9 /* ColorConstant.h */ = {isa = PBXFileReference; fileEncoding = 4; lastKnownFileType = sourcecode.c.h; name = ColorConstant.h; path = Constant/ColorConstant.h; sourceTree = "<group>"; };
		D76E56E21DD6A2BD004BE5B9 /* ColorConstant.m */ = {isa = PBXFileReference; fileEncoding = 4; lastKnownFileType = sourcecode.c.objc; name = ColorConstant.m; path = Constant/ColorConstant.m; sourceTree = "<group>"; };
		D76E56E51DD7E5C7004BE5B9 /* CustomerTabBarController.h */ = {isa = PBXFileReference; fileEncoding = 4; lastKnownFileType = sourcecode.c.h; name = CustomerTabBarController.h; path = tabbar/CustomerTabBarController.h; sourceTree = "<group>"; };
		D76E56E61DD7E5C7004BE5B9 /* CustomerTabBarController.m */ = {isa = PBXFileReference; fileEncoding = 4; lastKnownFileType = sourcecode.c.objc; name = CustomerTabBarController.m; path = tabbar/CustomerTabBarController.m; sourceTree = "<group>"; };
		D76E56E81DD91C37004BE5B9 /* LuluRequest.h */ = {isa = PBXFileReference; fileEncoding = 4; lastKnownFileType = sourcecode.c.h; name = LuluRequest.h; path = Request/LuluRequest.h; sourceTree = "<group>"; };
		D76E56E91DD91C37004BE5B9 /* LuluRequest.m */ = {isa = PBXFileReference; fileEncoding = 4; lastKnownFileType = sourcecode.c.objc; name = LuluRequest.m; path = Request/LuluRequest.m; sourceTree = "<group>"; };
		D76E56EB1DD91C8D004BE5B9 /* Broadcaster.h */ = {isa = PBXFileReference; fileEncoding = 4; lastKnownFileType = sourcecode.c.h; name = Broadcaster.h; path = Models/Broadcaster.h; sourceTree = "<group>"; };
		D76E56EC1DD91C8D004BE5B9 /* Broadcaster.m */ = {isa = PBXFileReference; fileEncoding = 4; lastKnownFileType = sourcecode.c.objc; name = Broadcaster.m; path = Models/Broadcaster.m; sourceTree = "<group>"; };
		D76E56EE1DD924E3004BE5B9 /* LoginRequest.h */ = {isa = PBXFileReference; fileEncoding = 4; lastKnownFileType = sourcecode.c.h; name = LoginRequest.h; path = Request/LoginRequest.h; sourceTree = "<group>"; };
		D76E56EF1DD924E3004BE5B9 /* LoginRequest.m */ = {isa = PBXFileReference; fileEncoding = 4; lastKnownFileType = sourcecode.c.objc; name = LoginRequest.m; path = Request/LoginRequest.m; sourceTree = "<group>"; };
		D77EA5B91DE12FA5008B0669 /* HistoryViewController.h */ = {isa = PBXFileReference; fileEncoding = 4; lastKnownFileType = sourcecode.c.h; name = HistoryViewController.h; path = ViewControllers/HistoryViewController.h; sourceTree = "<group>"; };
		D77EA5BA1DE12FA5008B0669 /* HistoryViewController.m */ = {isa = PBXFileReference; fileEncoding = 4; lastKnownFileType = sourcecode.c.objc; name = HistoryViewController.m; path = ViewControllers/HistoryViewController.m; sourceTree = "<group>"; };
		D77EA5BC1DE14B52008B0669 /* HistoryRequest.h */ = {isa = PBXFileReference; fileEncoding = 4; lastKnownFileType = sourcecode.c.h; name = HistoryRequest.h; path = Request/HistoryRequest.h; sourceTree = "<group>"; };
		D77EA5BD1DE14B52008B0669 /* HistoryRequest.m */ = {isa = PBXFileReference; fileEncoding = 4; lastKnownFileType = sourcecode.c.objc; name = HistoryRequest.m; path = Request/HistoryRequest.m; sourceTree = "<group>"; };
		D77EA5C41DE1976E008B0669 /* HistoryDatasource.h */ = {isa = PBXFileReference; fileEncoding = 4; lastKnownFileType = sourcecode.c.h; name = HistoryDatasource.h; path = DataSource/HistoryDatasource.h; sourceTree = "<group>"; };
		D77EA5C51DE1976E008B0669 /* HistoryDatasource.m */ = {isa = PBXFileReference; fileEncoding = 4; lastKnownFileType = sourcecode.c.objc; name = HistoryDatasource.m; path = DataSource/HistoryDatasource.m; sourceTree = "<group>"; };
		D77EA5C81DE1A1FC008B0669 /* HistoryCell.h */ = {isa = PBXFileReference; fileEncoding = 4; lastKnownFileType = sourcecode.c.h; name = HistoryCell.h; path = Views/HistoryCell.h; sourceTree = "<group>"; };
		D77EA5C91DE1A1FC008B0669 /* HistoryCell.m */ = {isa = PBXFileReference; fileEncoding = 4; lastKnownFileType = sourcecode.c.objc; name = HistoryCell.m; path = Views/HistoryCell.m; sourceTree = "<group>"; };
		D77EA5CA1DE1A1FC008B0669 /* HistoryCell.xib */ = {isa = PBXFileReference; fileEncoding = 4; lastKnownFileType = file.xib; name = HistoryCell.xib; path = Views/HistoryCell.xib; sourceTree = "<group>"; };
		D77EA5CD1DE2C7EA008B0669 /* Transaction.h */ = {isa = PBXFileReference; fileEncoding = 4; lastKnownFileType = sourcecode.c.h; name = Transaction.h; path = Models/Transaction.h; sourceTree = "<group>"; };
		D77EA5CE1DE2C7EA008B0669 /* Transaction.m */ = {isa = PBXFileReference; fileEncoding = 4; lastKnownFileType = sourcecode.c.objc; name = Transaction.m; path = Models/Transaction.m; sourceTree = "<group>"; };
		D77EA5D11DE2C8C9008B0669 /* User.h */ = {isa = PBXFileReference; fileEncoding = 4; lastKnownFileType = sourcecode.c.h; name = User.h; path = Models/User.h; sourceTree = "<group>"; };
		D77EA5D21DE2C8C9008B0669 /* User.m */ = {isa = PBXFileReference; fileEncoding = 4; lastKnownFileType = sourcecode.c.objc; name = User.m; path = Models/User.m; sourceTree = "<group>"; };
		D77EA5D41DE2D321008B0669 /* TransactionRequest.h */ = {isa = PBXFileReference; fileEncoding = 4; lastKnownFileType = sourcecode.c.h; name = TransactionRequest.h; path = Request/TransactionRequest.h; sourceTree = "<group>"; };
		D77EA5D51DE2D321008B0669 /* TransactionRequest.m */ = {isa = PBXFileReference; fileEncoding = 4; lastKnownFileType = sourcecode.c.objc; name = TransactionRequest.m; path = Request/TransactionRequest.m; sourceTree = "<group>"; };
		D77EA5D81DE2D71F008B0669 /* TransactionDatasource.h */ = {isa = PBXFileReference; fileEncoding = 4; lastKnownFileType = sourcecode.c.h; name = TransactionDatasource.h; path = DataSource/TransactionDatasource.h; sourceTree = "<group>"; };
		D77EA5D91DE2D71F008B0669 /* TransactionDatasource.m */ = {isa = PBXFileReference; fileEncoding = 4; lastKnownFileType = sourcecode.c.objc; name = TransactionDatasource.m; path = DataSource/TransactionDatasource.m; sourceTree = "<group>"; };
		D77EA5DC1DE2D9D1008B0669 /* TransactionViewController.h */ = {isa = PBXFileReference; fileEncoding = 4; lastKnownFileType = sourcecode.c.h; name = TransactionViewController.h; path = ViewControllers/TransactionViewController.h; sourceTree = "<group>"; };
		D77EA5DD1DE2D9D1008B0669 /* TransactionViewController.m */ = {isa = PBXFileReference; fileEncoding = 4; lastKnownFileType = sourcecode.c.objc; name = TransactionViewController.m; path = ViewControllers/TransactionViewController.m; sourceTree = "<group>"; };
		D77EA5E01DE2DD1F008B0669 /* TransactionCell.h */ = {isa = PBXFileReference; fileEncoding = 4; lastKnownFileType = sourcecode.c.h; name = TransactionCell.h; path = Views/TransactionCell.h; sourceTree = "<group>"; };
		D77EA5E11DE2DD1F008B0669 /* TransactionCell.m */ = {isa = PBXFileReference; fileEncoding = 4; lastKnownFileType = sourcecode.c.objc; name = TransactionCell.m; path = Views/TransactionCell.m; sourceTree = "<group>"; };
		D77EA5E21DE2DD1F008B0669 /* TransactionCell.xib */ = {isa = PBXFileReference; fileEncoding = 4; lastKnownFileType = file.xib; name = TransactionCell.xib; path = Views/TransactionCell.xib; sourceTree = "<group>"; };
		D77EA5EB1DE2E3B6008B0669 /* NavigationRouter.h */ = {isa = PBXFileReference; fileEncoding = 4; lastKnownFileType = sourcecode.c.h; name = NavigationRouter.h; path = Logic/Helper/router/NavigationRouter.h; sourceTree = "<group>"; };
		D77EA5EC1DE2E3B6008B0669 /* NavigationRouter.m */ = {isa = PBXFileReference; fileEncoding = 4; lastKnownFileType = sourcecode.c.objc; name = NavigationRouter.m; path = Logic/Helper/router/NavigationRouter.m; sourceTree = "<group>"; };
		D77EA5EE1DE2E3CD008B0669 /* NSDate+TimeAgo.h */ = {isa = PBXFileReference; fileEncoding = 4; lastKnownFileType = sourcecode.c.h; name = "NSDate+TimeAgo.h"; path = "Logic/Helper/timeAgo/NSDate+TimeAgo.h"; sourceTree = "<group>"; };
		D77EA5EF1DE2E3CD008B0669 /* NSDate+TimeAgo.m */ = {isa = PBXFileReference; fileEncoding = 4; lastKnownFileType = sourcecode.c.objc; name = "NSDate+TimeAgo.m"; path = "Logic/Helper/timeAgo/NSDate+TimeAgo.m"; sourceTree = "<group>"; };
		D77EA5F01DE2E3CD008B0669 /* NSDateTimeAgo.bundle */ = {isa = PBXFileReference; lastKnownFileType = "wrapper.plug-in"; name = NSDateTimeAgo.bundle; path = Logic/Helper/timeAgo/NSDateTimeAgo.bundle; sourceTree = "<group>"; };
		D7850CDB1DDFC8B900E21D8A /* DanmuManager.h */ = {isa = PBXFileReference; fileEncoding = 4; lastKnownFileType = sourcecode.c.h; name = DanmuManager.h; path = Managers/DanmuManager.h; sourceTree = "<group>"; };
		D7850CDC1DDFC8B900E21D8A /* DanmuManager.m */ = {isa = PBXFileReference; fileEncoding = 4; lastKnownFileType = sourcecode.c.objc; name = DanmuManager.m; path = Managers/DanmuManager.m; sourceTree = "<group>"; };
		D7850CDE1DDFCA0300E21D8A /* Danmu.h */ = {isa = PBXFileReference; fileEncoding = 4; lastKnownFileType = sourcecode.c.h; name = Danmu.h; path = Models/Danmu.h; sourceTree = "<group>"; };
		D7850CDF1DDFCA0300E21D8A /* Danmu.m */ = {isa = PBXFileReference; fileEncoding = 4; lastKnownFileType = sourcecode.c.objc; name = Danmu.m; path = Models/Danmu.m; sourceTree = "<group>"; };
		D7850CE11DDFCBD900E21D8A /* DanmuDatasource.h */ = {isa = PBXFileReference; fileEncoding = 4; lastKnownFileType = sourcecode.c.h; name = DanmuDatasource.h; path = DataSource/DanmuDatasource.h; sourceTree = "<group>"; };
		D7850CE21DDFCBD900E21D8A /* DanmuDatasource.m */ = {isa = PBXFileReference; fileEncoding = 4; lastKnownFileType = sourcecode.c.objc; name = DanmuDatasource.m; path = DataSource/DanmuDatasource.m; sourceTree = "<group>"; };
		D7850CE61DDFEB4B00E21D8A /* DanmuCell.h */ = {isa = PBXFileReference; fileEncoding = 4; lastKnownFileType = sourcecode.c.h; name = DanmuCell.h; path = Views/DanmuCell.h; sourceTree = "<group>"; };
		D7850CE71DDFEB4B00E21D8A /* DanmuCell.m */ = {isa = PBXFileReference; fileEncoding = 4; lastKnownFileType = sourcecode.c.objc; name = DanmuCell.m; path = Views/DanmuCell.m; sourceTree = "<group>"; };
		D7850CE81DDFEB4B00E21D8A /* DanmuCell.xib */ = {isa = PBXFileReference; fileEncoding = 4; lastKnownFileType = file.xib; name = DanmuCell.xib; path = Views/DanmuCell.xib; sourceTree = "<group>"; };
		D78D0B5E1DDA7CA100B01108 /* LoginController.h */ = {isa = PBXFileReference; fileEncoding = 4; lastKnownFileType = sourcecode.c.h; name = LoginController.h; path = ViewControllers/LoginController.h; sourceTree = "<group>"; };
		D78D0B5F1DDA7CA100B01108 /* LoginController.m */ = {isa = PBXFileReference; fileEncoding = 4; lastKnownFileType = sourcecode.c.objc; name = LoginController.m; path = ViewControllers/LoginController.m; sourceTree = "<group>"; };
		D78D0B601DDA7CA100B01108 /* LoginController.xib */ = {isa = PBXFileReference; fileEncoding = 4; lastKnownFileType = file.xib; name = LoginController.xib; path = ViewControllers/LoginController.xib; sourceTree = "<group>"; };
		D78D0C421DDD2C2E00DE1193 /* LuluSocket.h */ = {isa = PBXFileReference; fileEncoding = 4; lastKnownFileType = sourcecode.c.h; name = LuluSocket.h; path = Socket/LuluSocket.h; sourceTree = "<group>"; };
		D78D0C431DDD2C2E00DE1193 /* LuluSocket.m */ = {isa = PBXFileReference; fileEncoding = 4; lastKnownFileType = sourcecode.c.objc; name = LuluSocket.m; path = Socket/LuluSocket.m; sourceTree = "<group>"; };
		D78D0C481DDD2C8700DE1193 /* DanmuSocket.h */ = {isa = PBXFileReference; fileEncoding = 4; lastKnownFileType = sourcecode.c.h; name = DanmuSocket.h; path = Socket/DanmuSocket.h; sourceTree = "<group>"; };
		D78D0C491DDD2C8700DE1193 /* DanmuSocket.m */ = {isa = PBXFileReference; fileEncoding = 4; lastKnownFileType = sourcecode.c.objc; name = DanmuSocket.m; path = Socket/DanmuSocket.m; sourceTree = "<group>"; };
		D7979E1D1DCB50AC0056B35A /* CoreData.framework */ = {isa = PBXFileReference; lastKnownFileType = wrapper.framework; name = CoreData.framework; path = System/Library/Frameworks/CoreData.framework; sourceTree = SDKROOT; };
		D7AEC2061DD1996300F9BC7F /* libz.tbd */ = {isa = PBXFileReference; lastKnownFileType = "sourcecode.text-based-dylib-definition"; name = libz.tbd; path = usr/lib/libz.tbd; sourceTree = SDKROOT; };
		D7AEC2081DD1997300F9BC7F /* libstdc++.tbd */ = {isa = PBXFileReference; lastKnownFileType = "sourcecode.text-based-dylib-definition"; name = "libstdc++.tbd"; path = "usr/lib/libstdc++.tbd"; sourceTree = SDKROOT; };
		D7BA5C601DCAD78C000F1AB7 /* LiveController.h */ = {isa = PBXFileReference; fileEncoding = 4; lastKnownFileType = sourcecode.c.h; name = LiveController.h; path = ViewControllers/LiveController.h; sourceTree = "<group>"; };
		D7BA5C611DCAD78C000F1AB7 /* LiveController.m */ = {isa = PBXFileReference; fileEncoding = 4; lastKnownFileType = sourcecode.c.objc; name = LiveController.m; path = ViewControllers/LiveController.m; sourceTree = "<group>"; };
		D7BA5C621DCAD78C000F1AB7 /* LiveController.xib */ = {isa = PBXFileReference; fileEncoding = 4; lastKnownFileType = file.xib; name = LiveController.xib; path = ViewControllers/LiveController.xib; sourceTree = "<group>"; };
		D7D4AED61DC7F33D00A782F7 /* LuluBroadcaster.app */ = {isa = PBXFileReference; explicitFileType = wrapper.application; includeInIndex = 0; path = LuluBroadcaster.app; sourceTree = BUILT_PRODUCTS_DIR; };
		D7D4AEDA1DC7F33D00A782F7 /* main.m */ = {isa = PBXFileReference; lastKnownFileType = sourcecode.c.objc; path = main.m; sourceTree = "<group>"; };
		D7D4AEDC1DC7F33D00A782F7 /* AppDelegate.h */ = {isa = PBXFileReference; lastKnownFileType = sourcecode.c.h; path = AppDelegate.h; sourceTree = "<group>"; };
		D7D4AEDD1DC7F33D00A782F7 /* AppDelegate.m */ = {isa = PBXFileReference; lastKnownFileType = sourcecode.c.objc; path = AppDelegate.m; sourceTree = "<group>"; };
		D7D4AEE31DC7F33D00A782F7 /* Base */ = {isa = PBXFileReference; lastKnownFileType = file.storyboard; name = Base; path = Base.lproj/Main.storyboard; sourceTree = "<group>"; };
		D7D4AEE51DC7F33E00A782F7 /* Assets.xcassets */ = {isa = PBXFileReference; lastKnownFileType = folder.assetcatalog; path = Assets.xcassets; sourceTree = "<group>"; };
		D7D4AEE81DC7F33E00A782F7 /* Base */ = {isa = PBXFileReference; lastKnownFileType = file.storyboard; name = Base; path = Base.lproj/LaunchScreen.storyboard; sourceTree = "<group>"; };
		D7D4AEEA1DC7F33E00A782F7 /* Info.plist */ = {isa = PBXFileReference; lastKnownFileType = text.plist.xml; path = Info.plist; sourceTree = "<group>"; };
		D7D4AEF01DC7F54F00A782F7 /* lib */ = {isa = PBXFileReference; lastKnownFileType = folder; name = lib; path = ../lib; sourceTree = "<group>"; };
		D7D4AF081DC8037100A782F7 /* UserSession.h */ = {isa = PBXFileReference; fileEncoding = 4; lastKnownFileType = sourcecode.c.h; name = UserSession.h; path = Logic/Session/UserSession.h; sourceTree = "<group>"; };
		D7D4AF091DC8037100A782F7 /* UserSession.m */ = {isa = PBXFileReference; fileEncoding = 4; lastKnownFileType = sourcecode.c.objc; name = UserSession.m; path = Logic/Session/UserSession.m; sourceTree = "<group>"; };
		D7D4AF0B1DC8065800A782F7 /* Security.framework */ = {isa = PBXFileReference; lastKnownFileType = wrapper.framework; name = Security.framework; path = System/Library/Frameworks/Security.framework; sourceTree = SDKROOT; };
		D7D4AF121DC80B4400A782F7 /* HomepageController.h */ = {isa = PBXFileReference; fileEncoding = 4; lastKnownFileType = sourcecode.c.h; name = HomepageController.h; path = ViewControllers/HomepageController.h; sourceTree = "<group>"; };
		D7D4AF131DC80B4400A782F7 /* HomepageController.m */ = {isa = PBXFileReference; fileEncoding = 4; lastKnownFileType = sourcecode.c.objc; name = HomepageController.m; path = ViewControllers/HomepageController.m; sourceTree = "<group>"; };
		D7D4AF161DC80E7700A782F7 /* CameraManager.h */ = {isa = PBXFileReference; fileEncoding = 4; lastKnownFileType = sourcecode.c.h; name = CameraManager.h; path = Managers/CameraManager.h; sourceTree = "<group>"; };
		D7D4AF171DC80E7700A782F7 /* CameraManager.m */ = {isa = PBXFileReference; fileEncoding = 4; lastKnownFileType = sourcecode.c.objc; name = CameraManager.m; path = Managers/CameraManager.m; sourceTree = "<group>"; };
		D7D4AF1A1DC8146400A782F7 /* StreamManager.h */ = {isa = PBXFileReference; fileEncoding = 4; lastKnownFileType = sourcecode.c.h; name = StreamManager.h; path = Managers/StreamManager.h; sourceTree = "<group>"; };
		D7D4AF1B1DC8146400A782F7 /* StreamManager.m */ = {isa = PBXFileReference; fileEncoding = 4; lastKnownFileType = sourcecode.c.objc; name = StreamManager.m; path = Managers/StreamManager.m; sourceTree = "<group>"; };
		D7D4AF201DC817E400A782F7 /* SettingSession.h */ = {isa = PBXFileReference; fileEncoding = 4; lastKnownFileType = sourcecode.c.h; name = SettingSession.h; path = Logic/Session/SettingSession.h; sourceTree = "<group>"; };
		D7D4AF211DC817E400A782F7 /* SettingSession.m */ = {isa = PBXFileReference; fileEncoding = 4; lastKnownFileType = sourcecode.c.objc; name = SettingSession.m; path = Logic/Session/SettingSession.m; sourceTree = "<group>"; };
		D7D4AF2B1DC863F100A782F7 /* LiveManager.h */ = {isa = PBXFileReference; fileEncoding = 4; lastKnownFileType = sourcecode.c.h; name = LiveManager.h; path = Managers/LiveManager.h; sourceTree = "<group>"; };
		D7D4AF2C1DC863F100A782F7 /* LiveManager.m */ = {isa = PBXFileReference; fileEncoding = 4; lastKnownFileType = sourcecode.c.objc; name = LiveManager.m; path = Managers/LiveManager.m; sourceTree = "<group>"; };
		D7D6EBC91DCAC44A005935B8 /* AVFoundation.framework */ = {isa = PBXFileReference; lastKnownFileType = wrapper.framework; name = AVFoundation.framework; path = System/Library/Frameworks/AVFoundation.framework; sourceTree = SDKROOT; };
		D7D6EBCB1DCAC461005935B8 /* VideoToolbox.framework */ = {isa = PBXFileReference; lastKnownFileType = wrapper.framework; name = VideoToolbox.framework; path = System/Library/Frameworks/VideoToolbox.framework; sourceTree = SDKROOT; };
		D7D6EBCD1DCAC46E005935B8 /* AudioToolbox.framework */ = {isa = PBXFileReference; lastKnownFileType = wrapper.framework; name = AudioToolbox.framework; path = System/Library/Frameworks/AudioToolbox.framework; sourceTree = SDKROOT; };
		D7D6EBDC1DCACBF8005935B8 /* INSMediaSDK.framework */ = {isa = PBXFileReference; lastKnownFileType = wrapper.framework; name = INSMediaSDK.framework; path = lib/Insta/debug/INSMediaSDK.framework; sourceTree = "<group>"; };
		D7D6EBDD1DCACBF8005935B8 /* INSNanoSDK.framework */ = {isa = PBXFileReference; lastKnownFileType = wrapper.framework; name = INSNanoSDK.framework; path = lib/Insta/debug/INSNanoSDK.framework; sourceTree = "<group>"; };
		D7D6EBE01DCACC1D005935B8 /* INSMediaSDK.framework */ = {isa = PBXFileReference; lastKnownFileType = wrapper.framework; name = INSMediaSDK.framework; path = lib/Insta/release/INSMediaSDK.framework; sourceTree = "<group>"; };
		D7D6EBE11DCACC1D005935B8 /* INSNanoSDK.framework */ = {isa = PBXFileReference; lastKnownFileType = wrapper.framework; name = INSNanoSDK.framework; path = lib/Insta/release/INSNanoSDK.framework; sourceTree = "<group>"; };
		D7D6EBE41DCACC31005935B8 /* INSMediaSDK.framework */ = {isa = PBXFileReference; lastKnownFileType = wrapper.framework; name = INSMediaSDK.framework; path = lib/Insta/release/INSMediaSDK.framework; sourceTree = "<group>"; };
		D7D6EBE51DCACC31005935B8 /* INSNanoSDK.framework */ = {isa = PBXFileReference; lastKnownFileType = wrapper.framework; name = INSNanoSDK.framework; path = lib/Insta/release/INSNanoSDK.framework; sourceTree = "<group>"; };
		D7D86E891DF286CE00815BEC /* LFGPUImageBeautyFilter.h */ = {isa = PBXFileReference; fileEncoding = 4; lastKnownFileType = sourcecode.c.h; name = LFGPUImageBeautyFilter.h; path = Logic/Helper/filter/LFGPUImageBeautyFilter.h; sourceTree = "<group>"; };
		D7D86E8A1DF286CE00815BEC /* LFGPUImageBeautyFilter.m */ = {isa = PBXFileReference; fileEncoding = 4; lastKnownFileType = sourcecode.c.objc; name = LFGPUImageBeautyFilter.m; path = Logic/Helper/filter/LFGPUImageBeautyFilter.m; sourceTree = "<group>"; };
		D7D86E8B1DF286CE00815BEC /* LFGPUImageEmptyFilter.h */ = {isa = PBXFileReference; fileEncoding = 4; lastKnownFileType = sourcecode.c.h; name = LFGPUImageEmptyFilter.h; path = Logic/Helper/filter/LFGPUImageEmptyFilter.h; sourceTree = "<group>"; };
		D7D86E8C1DF286CE00815BEC /* LFGPUImageEmptyFilter.m */ = {isa = PBXFileReference; fileEncoding = 4; lastKnownFileType = sourcecode.c.objc; name = LFGPUImageEmptyFilter.m; path = Logic/Helper/filter/LFGPUImageEmptyFilter.m; sourceTree = "<group>"; };
		D7D89C071E09126D00EA660B /* GamePlatformController.h */ = {isa = PBXFileReference; fileEncoding = 4; lastKnownFileType = sourcecode.c.h; name = GamePlatformController.h; path = ViewControllers/GamePlatformController.h; sourceTree = "<group>"; };
		D7D89C081E09126D00EA660B /* GamePlatformController.m */ = {isa = PBXFileReference; fileEncoding = 4; lastKnownFileType = sourcecode.c.objc; name = GamePlatformController.m; path = ViewControllers/GamePlatformController.m; sourceTree = "<group>"; };
		D7D89C091E09126D00EA660B /* GamePlatformController.xib */ = {isa = PBXFileReference; fileEncoding = 4; lastKnownFileType = file.xib; name = GamePlatformController.xib; path = ViewControllers/GamePlatformController.xib; sourceTree = "<group>"; };
		D7D89C0E1E09235000EA660B /* BettingController.h */ = {isa = PBXFileReference; fileEncoding = 4; lastKnownFileType = sourcecode.c.h; name = BettingController.h; path = ViewControllers/BettingController.h; sourceTree = "<group>"; };
		D7D89C0F1E09235000EA660B /* BettingController.m */ = {isa = PBXFileReference; fileEncoding = 4; lastKnownFileType = sourcecode.c.objc; name = BettingController.m; path = ViewControllers/BettingController.m; sourceTree = "<group>"; };
		D7D89C101E09235000EA660B /* BettingController.xib */ = {isa = PBXFileReference; fileEncoding = 4; lastKnownFileType = file.xib; name = BettingController.xib; path = ViewControllers/BettingController.xib; sourceTree = "<group>"; };
		D7D89C141E09FA3800EA660B /* PlayerDrawController.h */ = {isa = PBXFileReference; fileEncoding = 4; lastKnownFileType = sourcecode.c.h; name = PlayerDrawController.h; path = ViewControllers/PlayerDrawController.h; sourceTree = "<group>"; };
		D7D89C151E09FA3800EA660B /* PlayerDrawController.m */ = {isa = PBXFileReference; fileEncoding = 4; lastKnownFileType = sourcecode.c.objc; name = PlayerDrawController.m; path = ViewControllers/PlayerDrawController.m; sourceTree = "<group>"; };
		D7D89C161E09FA3800EA660B /* PlayerDrawController.xib */ = {isa = PBXFileReference; fileEncoding = 4; lastKnownFileType = file.xib; name = PlayerDrawController.xib; path = ViewControllers/PlayerDrawController.xib; sourceTree = "<group>"; };
		D7DF03841E077A2E0067129B /* UserDataSource.h */ = {isa = PBXFileReference; fileEncoding = 4; lastKnownFileType = sourcecode.c.h; name = UserDataSource.h; path = DataSource/UserDataSource.h; sourceTree = "<group>"; };
		D7DF03851E077A2E0067129B /* UserDataSource.m */ = {isa = PBXFileReference; fileEncoding = 4; lastKnownFileType = sourcecode.c.objc; name = UserDataSource.m; path = DataSource/UserDataSource.m; sourceTree = "<group>"; };
		D7DF038A1E079A5C0067129B /* ViewerCell.h */ = {isa = PBXFileReference; fileEncoding = 4; lastKnownFileType = sourcecode.c.h; name = ViewerCell.h; path = Views/ViewerCell.h; sourceTree = "<group>"; };
		D7DF038B1E079A5C0067129B /* ViewerCell.m */ = {isa = PBXFileReference; fileEncoding = 4; lastKnownFileType = sourcecode.c.objc; name = ViewerCell.m; path = Views/ViewerCell.m; sourceTree = "<group>"; };
		D7DF038C1E079A5C0067129B /* ViewerCell.xib */ = {isa = PBXFileReference; fileEncoding = 4; lastKnownFileType = file.xib; name = ViewerCell.xib; path = Views/ViewerCell.xib; sourceTree = "<group>"; };
		DAFDB40B4891175C98C3CFD9 /* Pods-LuluBroadcaster.release.xcconfig */ = {isa = PBXFileReference; includeInIndex = 1; lastKnownFileType = text.xcconfig; name = "Pods-LuluBroadcaster.release.xcconfig"; path = "Pods/Target Support Files/Pods-LuluBroadcaster/Pods-LuluBroadcaster.release.xcconfig"; sourceTree = "<group>"; };
/* End PBXFileReference section */

/* Begin PBXFrameworksBuildPhase section */
		D7D4AED31DC7F33D00A782F7 /* Frameworks */ = {
			isa = PBXFrameworksBuildPhase;
			buildActionMask = 2147483647;
			files = (
				D74338BB1DD46BD000CC3831 /* GPUImage.framework in Frameworks */,
				D7AEC2091DD1997300F9BC7F /* libstdc++.tbd in Frameworks */,
				D7AEC2071DD1996300F9BC7F /* libz.tbd in Frameworks */,
				D7979E1E1DCB50AC0056B35A /* CoreData.framework in Frameworks */,
				D7D6EBE81DCACC31005935B8 /* INSNanoSDK.framework in Frameworks */,
				D7D6EBE21DCACC1D005935B8 /* INSMediaSDK.framework in Frameworks */,
				D7D6EBE31DCACC1D005935B8 /* INSNanoSDK.framework in Frameworks */,
				D7D6EBCE1DCAC46E005935B8 /* AudioToolbox.framework in Frameworks */,
				D7D6EBE61DCACC31005935B8 /* INSMediaSDK.framework in Frameworks */,
				D7D6EBCC1DCAC461005935B8 /* VideoToolbox.framework in Frameworks */,
				D7D6EBCA1DCAC44A005935B8 /* AVFoundation.framework in Frameworks */,
				D7D4AF0C1DC8065800A782F7 /* Security.framework in Frameworks */,
				F8A13342BDD6C1436E55D75B /* Pods_LuluBroadcaster.framework in Frameworks */,
			);
			runOnlyForDeploymentPostprocessing = 0;
		};
/* End PBXFrameworksBuildPhase section */

/* Begin PBXGroup section */
		205E8FB72BF337BBCC3B483E /* Pods */ = {
			isa = PBXGroup;
			children = (
				34C1BAE70B5550356746639A /* Pods-LuluBroadcaster.debug.xcconfig */,
				DAFDB40B4891175C98C3CFD9 /* Pods-LuluBroadcaster.release.xcconfig */,
			);
			name = Pods;
			sourceTree = "<group>";
		};
		57615423CCA8F96E02CC14BF /* Frameworks */ = {
			isa = PBXGroup;
			children = (
				D7850CEB1DDFECC100E21D8A /* ext-frameworks */,
				D7AEC2081DD1997300F9BC7F /* libstdc++.tbd */,
				D7AEC2061DD1996300F9BC7F /* libz.tbd */,
				D7979E1D1DCB50AC0056B35A /* CoreData.framework */,
				D7D6EBE01DCACC1D005935B8 /* INSMediaSDK.framework */,
				D7D6EBE11DCACC1D005935B8 /* INSNanoSDK.framework */,
				D7D6EBDC1DCACBF8005935B8 /* INSMediaSDK.framework */,
				D7D6EBDD1DCACBF8005935B8 /* INSNanoSDK.framework */,
				D7D6EBCD1DCAC46E005935B8 /* AudioToolbox.framework */,
				D7D6EBCB1DCAC461005935B8 /* VideoToolbox.framework */,
				D7D6EBC91DCAC44A005935B8 /* AVFoundation.framework */,
				D7D4AF0B1DC8065800A782F7 /* Security.framework */,
				1383794F7AE3E4AF62FC259A /* Pods_LuluBroadcaster.framework */,
			);
			name = Frameworks;
			sourceTree = "<group>";
		};
		D704351C1DC96FC200EF5FAE /* buffer2image */ = {
			isa = PBXGroup;
			children = (
				D70435201DC9704F00EF5FAE /* YUGPUImageCVPixelBufferInput.h */,
				D70435211DC9704F00EF5FAE /* YUGPUImageCVPixelBufferInput.m */,
			);
			name = buffer2image;
			sourceTree = "<group>";
		};
		D71CAB2A1DE62CBB00DC890E /* faceDetect */ = {
			isa = PBXGroup;
			children = (
				D71CAB2B1DE62D0500DC890E /* FaceDetector.h */,
				D71CAB2C1DE62D0500DC890E /* FaceDetector.m */,
			);
			name = faceDetect;
			sourceTree = "<group>";
		};
		D71CAB2E1DE6345300DC890E /* FaceDetect */ = {
			isa = PBXGroup;
			children = (
				D71CAB2F1DE6347C00DC890E /* FaceDetectManager.h */,
				D71CAB301DE6347C00DC890E /* FaceDetectManager.m */,
			);
			name = FaceDetect;
			sourceTree = "<group>";
		};
		D722D5E91DF90F270067F1A9 /* pomelo */ = {
			isa = PBXGroup;
			children = (
				D722D6081DF9112F0067F1A9 /* rocket */,
				D722D5F71DF910DE0067F1A9 /* socketio */,
				D722D5F61DF910CE0067F1A9 /* client */,
			);
			name = pomelo;
			sourceTree = "<group>";
		};
		D722D5F61DF910CE0067F1A9 /* client */ = {
			isa = PBXGroup;
			children = (
				D722D5F01DF90FC50067F1A9 /* PomeloProtocol.m */,
				D722D5F11DF90FC50067F1A9 /* PomeloProtocol.h */,
				D722D5F21DF90FC50067F1A9 /* Pomelo.m */,
				D722D5F31DF90FC50067F1A9 /* Pomelo.h */,
			);
			name = client;
			sourceTree = "<group>";
		};
		D722D5F71DF910DE0067F1A9 /* socketio */ = {
			isa = PBXGroup;
			children = (
				D722D5F81DF9112A0067F1A9 /* SocketIOTransportXHR.m */,
				D722D5F91DF9112A0067F1A9 /* SocketIOTransportXHR.h */,
				D722D5FA1DF9112A0067F1A9 /* SocketIOTransportWebsocket.m */,
				D722D5FB1DF9112A0067F1A9 /* SocketIOTransportWebsocket.h */,
				D722D5FC1DF9112A0067F1A9 /* SocketIOTransport.h */,
				D722D5FD1DF9112A0067F1A9 /* SocketIOPacket.m */,
				D722D5FE1DF9112A0067F1A9 /* SocketIOPacket.h */,
				D722D5FF1DF9112A0067F1A9 /* SocketIOJSONSerialization.m */,
				D722D6001DF9112A0067F1A9 /* SocketIOJSONSerialization.h */,
				D722D6011DF9112A0067F1A9 /* SocketIO.m */,
				D722D6021DF9112A0067F1A9 /* SocketIO.h */,
			);
			name = socketio;
			sourceTree = "<group>";
		};
		D722D6081DF9112F0067F1A9 /* rocket */ = {
			isa = PBXGroup;
			children = (
				D722D6091DF9116A0067F1A9 /* SRWebSocket.m */,
				D722D60A1DF9116A0067F1A9 /* SRWebSocket.h */,
				D722D60B1DF9116A0067F1A9 /* SocketRocket-Prefix.pch */,
				D722D60C1DF9116A0067F1A9 /* NSData+SRB64Additions.m */,
				D722D60D1DF9116A0067F1A9 /* NSData+SRB64Additions.h */,
				D722D60E1DF9116A0067F1A9 /* base64.h */,
				D722D60F1DF9116A0067F1A9 /* base64.c */,
			);
			name = rocket;
			sourceTree = "<group>";
		};
		D722D6131DF911A70067F1A9 /* Game */ = {
			isa = PBXGroup;
			children = (
				D722D6141DF911CD0067F1A9 /* GameManager.h */,
				D722D6151DF911CD0067F1A9 /* GameManager.m */,
			);
			name = Game;
			sourceTree = "<group>";
		};
		D74B3B8E1DF44C0D00539722 /* params */ = {
			isa = PBXGroup;
			children = (
				D74B3B8F1DF44C2B00539722 /* ParamsController.h */,
				D74B3B901DF44C2B00539722 /* ParamsController.m */,
			);
			name = params;
			sourceTree = "<group>";
		};
		D7501A771E04ECF5000C7DED /* AlertInLive */ = {
			isa = PBXGroup;
			children = (
				D7501A7B1E04ED74000C7DED /* LiveAlertView.h */,
				D7501A7C1E04ED74000C7DED /* LiveAlertView.m */,
			);
			name = AlertInLive;
			sourceTree = "<group>";
		};
		D755900E1DDC67AC0050BB47 /* setting */ = {
			isa = PBXGroup;
			children = (
				D755900F1DDC67D80050BB47 /* SettingViewController.h */,
				D75590101DDC67D80050BB47 /* SettingViewController.m */,
			);
			name = setting;
			sourceTree = "<group>";
		};
		D76E56E41DD7E57A004BE5B9 /* customerTabBar */ = {
			isa = PBXGroup;
			children = (
				D76E56E51DD7E5C7004BE5B9 /* CustomerTabBarController.h */,
				D76E56E61DD7E5C7004BE5B9 /* CustomerTabBarController.m */,
			);
			name = customerTabBar;
			sourceTree = "<group>";
		};
		D76E7EAF1DD69ED200794450 /* customerNavigationBar */ = {
			isa = PBXGroup;
			children = (
				D76E56DE1DD6A1BB004BE5B9 /* CustomerNavigationController.h */,
				D76E56DF1DD6A1BB004BE5B9 /* CustomerNavigationController.m */,
			);
			name = customerNavigationBar;
			sourceTree = "<group>";
		};
		D76E7EB01DD69F0200794450 /* Constants */ = {
			isa = PBXGroup;
			children = (
				D76E56E11DD6A2BD004BE5B9 /* ColorConstant.h */,
				D76E56E21DD6A2BD004BE5B9 /* ColorConstant.m */,
			);
			name = Constants;
			sourceTree = "<group>";
		};
		D77EA5B61DE12F29008B0669 /* history */ = {
			isa = PBXGroup;
			children = (
				D77EA5B91DE12FA5008B0669 /* HistoryViewController.h */,
				D77EA5BA1DE12FA5008B0669 /* HistoryViewController.m */,
			);
			name = history;
			sourceTree = "<group>";
		};
		D77EA5B71DE12F32008B0669 /* transactions */ = {
			isa = PBXGroup;
			children = (
				D77EA5DC1DE2D9D1008B0669 /* TransactionViewController.h */,
				D77EA5DD1DE2D9D1008B0669 /* TransactionViewController.m */,
			);
			name = transactions;
			sourceTree = "<group>";
		};
		D77EA5C31DE1974D008B0669 /* history */ = {
			isa = PBXGroup;
			children = (
				D77EA5C41DE1976E008B0669 /* HistoryDatasource.h */,
				D77EA5C51DE1976E008B0669 /* HistoryDatasource.m */,
			);
			name = history;
			sourceTree = "<group>";
		};
		D77EA5D71DE2D6F0008B0669 /* transaction */ = {
			isa = PBXGroup;
			children = (
				D77EA5D81DE2D71F008B0669 /* TransactionDatasource.h */,
				D77EA5D91DE2D71F008B0669 /* TransactionDatasource.m */,
			);
			name = transaction;
			sourceTree = "<group>";
		};
		D77EA5E51DE2E358008B0669 /* timeAgo */ = {
			isa = PBXGroup;
			children = (
				D77EA5EE1DE2E3CD008B0669 /* NSDate+TimeAgo.h */,
				D77EA5EF1DE2E3CD008B0669 /* NSDate+TimeAgo.m */,
				D77EA5F01DE2E3CD008B0669 /* NSDateTimeAgo.bundle */,
			);
			name = timeAgo;
			sourceTree = "<group>";
		};
		D7850CDA1DDFC88900E21D8A /* Danmu */ = {
			isa = PBXGroup;
			children = (
				D7850CDB1DDFC8B900E21D8A /* DanmuManager.h */,
				D7850CDC1DDFC8B900E21D8A /* DanmuManager.m */,
			);
			name = Danmu;
			sourceTree = "<group>";
		};
		D7850CE41DDFCBDE00E21D8A /* broadcaster */ = {
			isa = PBXGroup;
			children = (
				D726B0B11DDEC093002B9068 /* BroadcasterDatasource.h */,
				D726B0B21DDEC093002B9068 /* BroadcasterDatasource.m */,
			);
			name = broadcaster;
			sourceTree = "<group>";
		};
		D7850CE51DDFCBEB00E21D8A /* danmu */ = {
			isa = PBXGroup;
			children = (
				D7850CE11DDFCBD900E21D8A /* DanmuDatasource.h */,
				D7850CE21DDFCBD900E21D8A /* DanmuDatasource.m */,
			);
			name = danmu;
			sourceTree = "<group>";
		};
		D7850CEB1DDFECC100E21D8A /* ext-frameworks */ = {
			isa = PBXGroup;
			children = (
				D74338B71DD46BB200CC3831 /* GPUImage.framework */,
				D7D6EBE41DCACC31005935B8 /* INSMediaSDK.framework */,
				D7D6EBE51DCACC31005935B8 /* INSNanoSDK.framework */,
			);
			name = "ext-frameworks";
			sourceTree = "<group>";
		};
		D78D0B5D1DDA7C8100B01108 /* login */ = {
			isa = PBXGroup;
			children = (
				D78D0B5E1DDA7CA100B01108 /* LoginController.h */,
				D78D0B5F1DDA7CA100B01108 /* LoginController.m */,
				D78D0B601DDA7CA100B01108 /* LoginController.xib */,
			);
			name = login;
			sourceTree = "<group>";
		};
		D78D0C411DDD2BFD00DE1193 /* Sockets */ = {
			isa = PBXGroup;
			children = (
				D78D0C421DDD2C2E00DE1193 /* LuluSocket.h */,
				D78D0C431DDD2C2E00DE1193 /* LuluSocket.m */,
				D78D0C481DDD2C8700DE1193 /* DanmuSocket.h */,
				D78D0C491DDD2C8700DE1193 /* DanmuSocket.m */,
			);
			name = Sockets;
			sourceTree = "<group>";
		};
		D7BA5C7C1DCAF185000F1AB7 /* Resources */ = {
			isa = PBXGroup;
			children = (
				D7D4AEE51DC7F33E00A782F7 /* Assets.xcassets */,
			);
			name = Resources;
			sourceTree = "<group>";
		};
		D7D4AECD1DC7F33D00A782F7 = {
			isa = PBXGroup;
			children = (
				D7D4AED81DC7F33D00A782F7 /* LuluBroadcaster */,
				D7D4AED71DC7F33D00A782F7 /* Products */,
				205E8FB72BF337BBCC3B483E /* Pods */,
				D7D4AEFD1DC801A900A782F7 /* Libraries */,
				57615423CCA8F96E02CC14BF /* Frameworks */,
			);
			sourceTree = "<group>";
		};
		D7D4AED71DC7F33D00A782F7 /* Products */ = {
			isa = PBXGroup;
			children = (
				D7D4AED61DC7F33D00A782F7 /* LuluBroadcaster.app */,
			);
			name = Products;
			sourceTree = "<group>";
		};
		D7D4AED81DC7F33D00A782F7 /* LuluBroadcaster */ = {
			isa = PBXGroup;
			children = (
				D7D4AF061DC802E200A782F7 /* App */,
				D7BA5C7C1DCAF185000F1AB7 /* Resources */,
				D7D4AF051DC802C700A782F7 /* Storyboards */,
				D7D4AF031DC8021400A782F7 /* Views */,
				D7D4AF021DC8020500A782F7 /* ViewControllers */,
				D7D4AEFC1DC8019C00A782F7 /* Logics */,
			);
			path = LuluBroadcaster;
			sourceTree = "<group>";
		};
		D7D4AEFC1DC8019C00A782F7 /* Logics */ = {
			isa = PBXGroup;
			children = (
				D78D0C411DDD2BFD00DE1193 /* Sockets */,
				D76E7EB01DD69F0200794450 /* Constants */,
				D7D4AF371DC865E900A782F7 /* Helpers */,
				D7D4AF071DC8031800A782F7 /* Sessions */,
				D7D4AF011DC801EC00A782F7 /* Managers */,
				D7D4AF001DC801D700A782F7 /* Datasources */,
				D7D4AEFF1DC801D000A782F7 /* Requests */,
				D7D4AEFE1DC801C600A782F7 /* Models */,
			);
			name = Logics;
			sourceTree = "<group>";
		};
		D7D4AEFD1DC801A900A782F7 /* Libraries */ = {
			isa = PBXGroup;
			children = (
				D7D4AEF01DC7F54F00A782F7 /* lib */,
			);
			name = Libraries;
			path = LuluBroadcaster;
			sourceTree = "<group>";
		};
		D7D4AEFE1DC801C600A782F7 /* Models */ = {
			isa = PBXGroup;
			children = (
				D76D22541E20892600AB5D98 /* Broad.m */,
				D76D22551E20892600AB5D98 /* Broad.h */,
				D76E56EB1DD91C8D004BE5B9 /* Broadcaster.h */,
				D76E56EC1DD91C8D004BE5B9 /* Broadcaster.m */,
				D7850CDE1DDFCA0300E21D8A /* Danmu.h */,
				D7850CDF1DDFCA0300E21D8A /* Danmu.m */,
				D77EA5CD1DE2C7EA008B0669 /* Transaction.h */,
				D77EA5CE1DE2C7EA008B0669 /* Transaction.m */,
				D77EA5D11DE2C8C9008B0669 /* User.h */,
				D77EA5D21DE2C8C9008B0669 /* User.m */,
				D7501A6E1E049F82000C7DED /* Scene.h */,
				D7501A6F1E049F82000C7DED /* Scene.m */,
				D7501A711E049FB1000C7DED /* Card.h */,
				D7501A721E049FB1000C7DED /* Card.m */,
				D7501A741E04A282000C7DED /* CardValue.h */,
				D7501A751E04A282000C7DED /* CardValue.m */,
			);
			name = Models;
			sourceTree = "<group>";
		};
		D7D4AEFF1DC801D000A782F7 /* Requests */ = {
			isa = PBXGroup;
			children = (
				D76E56E81DD91C37004BE5B9 /* LuluRequest.h */,
				D76E56E91DD91C37004BE5B9 /* LuluRequest.m */,
				D76E56EE1DD924E3004BE5B9 /* LoginRequest.h */,
				D76E56EF1DD924E3004BE5B9 /* LoginRequest.m */,
				D726B0B41DDEE5F2002B9068 /* ListRequest.h */,
				D726B0B51DDEE5F2002B9068 /* ListRequest.m */,
				D77EA5BC1DE14B52008B0669 /* HistoryRequest.h */,
				D77EA5BD1DE14B52008B0669 /* HistoryRequest.m */,
				D77EA5D41DE2D321008B0669 /* TransactionRequest.h */,
				D77EA5D51DE2D321008B0669 /* TransactionRequest.m */,
			);
			name = Requests;
			sourceTree = "<group>";
		};
		D7D4AF001DC801D700A782F7 /* Datasources */ = {
			isa = PBXGroup;
			children = (
				D7DF03831E0779D30067129B /* user */,
				D77EA5D71DE2D6F0008B0669 /* transaction */,
				D77EA5C31DE1974D008B0669 /* history */,
				D7850CE51DDFCBEB00E21D8A /* danmu */,
				D7850CE41DDFCBDE00E21D8A /* broadcaster */,
			);
			name = Datasources;
			sourceTree = "<group>";
		};
		D7D4AF011DC801EC00A782F7 /* Managers */ = {
			isa = PBXGroup;
			children = (
				D722D6131DF911A70067F1A9 /* Game */,
				D71CAB2E1DE6345300DC890E /* FaceDetect */,
				D7850CDA1DDFC88900E21D8A /* Danmu */,
				D7D4AF2A1DC863D400A782F7 /* Live */,
				D7D4AF1D1DC8146A00A782F7 /* Stream */,
				D7D4AF191DC80E7F00A782F7 /* Camera */,
			);
			name = Managers;
			sourceTree = "<group>";
		};
		D7D4AF021DC8020500A782F7 /* ViewControllers */ = {
			isa = PBXGroup;
			children = (
				D7D89C061E09124600EA660B /* gamePlatform */,
				D74B3B8E1DF44C0D00539722 /* params */,
				D77EA5B71DE12F32008B0669 /* transactions */,
				D77EA5B61DE12F29008B0669 /* history */,
				D755900E1DDC67AC0050BB47 /* setting */,
				D78D0B5D1DDA7C8100B01108 /* login */,
				D7D4AF2E1DC8654F00A782F7 /* live */,
				D7D4AF151DC80B4800A782F7 /* homepage */,
			);
			name = ViewControllers;
			sourceTree = "<group>";
		};
		D7D4AF031DC8021400A782F7 /* Views */ = {
			isa = PBXGroup;
			children = (
				D7501A771E04ECF5000C7DED /* AlertInLive */,
				D7D4AF041DC8021C00A782F7 /* Cells */,
			);
			name = Views;
			sourceTree = "<group>";
		};
		D7D4AF041DC8021C00A782F7 /* Cells */ = {
			isa = PBXGroup;
			children = (
				D726B0AC1DDE84E2002B9068 /* StreamCell.h */,
				D726B0AD1DDE84E2002B9068 /* StreamCell.m */,
				D726B0AE1DDE84E2002B9068 /* StreamCell.xib */,
				D7850CE61DDFEB4B00E21D8A /* DanmuCell.h */,
				D7850CE71DDFEB4B00E21D8A /* DanmuCell.m */,
				D7850CE81DDFEB4B00E21D8A /* DanmuCell.xib */,
				D77EA5C81DE1A1FC008B0669 /* HistoryCell.h */,
				D77EA5C91DE1A1FC008B0669 /* HistoryCell.m */,
				D77EA5CA1DE1A1FC008B0669 /* HistoryCell.xib */,
				D77EA5E01DE2DD1F008B0669 /* TransactionCell.h */,
				D77EA5E11DE2DD1F008B0669 /* TransactionCell.m */,
				D77EA5E21DE2DD1F008B0669 /* TransactionCell.xib */,
				D7DF038A1E079A5C0067129B /* ViewerCell.h */,
				D7DF038B1E079A5C0067129B /* ViewerCell.m */,
				D7DF038C1E079A5C0067129B /* ViewerCell.xib */,
			);
			name = Cells;
			sourceTree = "<group>";
		};
		D7D4AF051DC802C700A782F7 /* Storyboards */ = {
			isa = PBXGroup;
			children = (
				D7D4AEE71DC7F33E00A782F7 /* LaunchScreen.storyboard */,
				D7D4AEE21DC7F33D00A782F7 /* Main.storyboard */,
			);
			name = Storyboards;
			path = ..;
			sourceTree = "<group>";
		};
		D7D4AF061DC802E200A782F7 /* App */ = {
			isa = PBXGroup;
			children = (
				D7D4AEEA1DC7F33E00A782F7 /* Info.plist */,
				D7D4AEDA1DC7F33D00A782F7 /* main.m */,
				D7D4AEDC1DC7F33D00A782F7 /* AppDelegate.h */,
				D7D4AEDD1DC7F33D00A782F7 /* AppDelegate.m */,
			);
			name = App;
			sourceTree = "<group>";
		};
		D7D4AF071DC8031800A782F7 /* Sessions */ = {
			isa = PBXGroup;
			children = (
				D7D4AF1F1DC817B900A782F7 /* Setting */,
				D7D4AF1E1DC817A900A782F7 /* User */,
			);
			name = Sessions;
			sourceTree = "<group>";
		};
		D7D4AF151DC80B4800A782F7 /* homepage */ = {
			isa = PBXGroup;
			children = (
				D7D4AF121DC80B4400A782F7 /* HomepageController.h */,
				D7D4AF131DC80B4400A782F7 /* HomepageController.m */,
			);
			name = homepage;
			sourceTree = "<group>";
		};
		D7D4AF191DC80E7F00A782F7 /* Camera */ = {
			isa = PBXGroup;
			children = (
				D7D4AF161DC80E7700A782F7 /* CameraManager.h */,
				D7D4AF171DC80E7700A782F7 /* CameraManager.m */,
			);
			name = Camera;
			sourceTree = "<group>";
		};
		D7D4AF1D1DC8146A00A782F7 /* Stream */ = {
			isa = PBXGroup;
			children = (
				D7D4AF1A1DC8146400A782F7 /* StreamManager.h */,
				D7D4AF1B1DC8146400A782F7 /* StreamManager.m */,
			);
			name = Stream;
			sourceTree = "<group>";
		};
		D7D4AF1E1DC817A900A782F7 /* User */ = {
			isa = PBXGroup;
			children = (
				D7D4AF081DC8037100A782F7 /* UserSession.h */,
				D7D4AF091DC8037100A782F7 /* UserSession.m */,
			);
			name = User;
			sourceTree = "<group>";
		};
		D7D4AF1F1DC817B900A782F7 /* Setting */ = {
			isa = PBXGroup;
			children = (
				D7D4AF201DC817E400A782F7 /* SettingSession.h */,
				D7D4AF211DC817E400A782F7 /* SettingSession.m */,
			);
			name = Setting;
			sourceTree = "<group>";
		};
		D7D4AF2A1DC863D400A782F7 /* Live */ = {
			isa = PBXGroup;
			children = (
				D7D4AF2B1DC863F100A782F7 /* LiveManager.h */,
				D7D4AF2C1DC863F100A782F7 /* LiveManager.m */,
			);
			name = Live;
			sourceTree = "<group>";
		};
		D7D4AF2E1DC8654F00A782F7 /* live */ = {
			isa = PBXGroup;
			children = (
				D7BA5C601DCAD78C000F1AB7 /* LiveController.h */,
				D7BA5C611DCAD78C000F1AB7 /* LiveController.m */,
				D7BA5C621DCAD78C000F1AB7 /* LiveController.xib */,
			);
			name = live;
			sourceTree = "<group>";
		};
		D7D4AF371DC865E900A782F7 /* Helpers */ = {
			isa = PBXGroup;
			children = (
				D722D5E91DF90F270067F1A9 /* pomelo */,
				D71CAB2A1DE62CBB00DC890E /* faceDetect */,
				D77EA5E51DE2E358008B0669 /* timeAgo */,
				D76E56E41DD7E57A004BE5B9 /* customerTabBar */,
				D76E7EAF1DD69ED200794450 /* customerNavigationBar */,
				D704351C1DC96FC200EF5FAE /* buffer2image */,
				D7D4AF3C1DC86D7C00A782F7 /* Filter */,
				D7D4AF3B1DC86D7100A782F7 /* Router */,
			);
			name = Helpers;
			sourceTree = "<group>";
		};
		D7D4AF3B1DC86D7100A782F7 /* Router */ = {
			isa = PBXGroup;
			children = (
				D77EA5EB1DE2E3B6008B0669 /* NavigationRouter.h */,
				D77EA5EC1DE2E3B6008B0669 /* NavigationRouter.m */,
			);
			name = Router;
			sourceTree = "<group>";
		};
		D7D4AF3C1DC86D7C00A782F7 /* Filter */ = {
			isa = PBXGroup;
			children = (
				D7D86E891DF286CE00815BEC /* LFGPUImageBeautyFilter.h */,
				D7D86E8A1DF286CE00815BEC /* LFGPUImageBeautyFilter.m */,
				D7D86E8B1DF286CE00815BEC /* LFGPUImageEmptyFilter.h */,
				D7D86E8C1DF286CE00815BEC /* LFGPUImageEmptyFilter.m */,
				D70435231DC988A800EF5FAE /* GPUImageMyBeautifyFilter.h */,
				D70435241DC988A800EF5FAE /* GPUImageMyBeautifyFilter.m */,
			);
			name = Filter;
			sourceTree = "<group>";
		};
		D7D89C061E09124600EA660B /* gamePlatform */ = {
			isa = PBXGroup;
			children = (
				D7D89C131E09FA1000EA660B /* playerDraw */,
				D7D89C0D1E09230E00EA660B /* betting */,
				D7D89C0C1E09230500EA660B /* drawing */,
			);
			name = gamePlatform;
			sourceTree = "<group>";
		};
		D7D89C0C1E09230500EA660B /* drawing */ = {
			isa = PBXGroup;
			children = (
				D7D89C071E09126D00EA660B /* GamePlatformController.h */,
				D7D89C081E09126D00EA660B /* GamePlatformController.m */,
				D7D89C091E09126D00EA660B /* GamePlatformController.xib */,
			);
			name = drawing;
			sourceTree = "<group>";
		};
		D7D89C0D1E09230E00EA660B /* betting */ = {
			isa = PBXGroup;
			children = (
				D7D89C0E1E09235000EA660B /* BettingController.h */,
				D7D89C0F1E09235000EA660B /* BettingController.m */,
				D7D89C101E09235000EA660B /* BettingController.xib */,
			);
			name = betting;
			sourceTree = "<group>";
		};
		D7D89C131E09FA1000EA660B /* playerDraw */ = {
			isa = PBXGroup;
			children = (
				D7D89C141E09FA3800EA660B /* PlayerDrawController.h */,
				D7D89C151E09FA3800EA660B /* PlayerDrawController.m */,
				D7D89C161E09FA3800EA660B /* PlayerDrawController.xib */,
			);
			name = playerDraw;
			sourceTree = "<group>";
		};
		D7DF03831E0779D30067129B /* user */ = {
			isa = PBXGroup;
			children = (
				D7DF03841E077A2E0067129B /* UserDataSource.h */,
				D7DF03851E077A2E0067129B /* UserDataSource.m */,
			);
			name = user;
			sourceTree = "<group>";
		};
/* End PBXGroup section */

/* Begin PBXNativeTarget section */
		D7D4AED51DC7F33D00A782F7 /* LuluBroadcaster */ = {
			isa = PBXNativeTarget;
			buildConfigurationList = D7D4AEED1DC7F33E00A782F7 /* Build configuration list for PBXNativeTarget "LuluBroadcaster" */;
			buildPhases = (
				9CB68CE739E54D9D520A0928 /* [CP] Check Pods Manifest.lock */,
				D7D4AED21DC7F33D00A782F7 /* Sources */,
				D7D4AED31DC7F33D00A782F7 /* Frameworks */,
				D7D4AED41DC7F33D00A782F7 /* Resources */,
				E8F2245A3D81F0691F2F7554 /* [CP] Embed Pods Frameworks */,
				1D4A99349C993AE72D72DD63 /* [CP] Copy Pods Resources */,
				D7D6EBEA1DCACC31005935B8 /* Embed Frameworks */,
			);
			buildRules = (
			);
			dependencies = (
			);
			name = LuluBroadcaster;
			productName = LuluBroadcaster;
			productReference = D7D4AED61DC7F33D00A782F7 /* LuluBroadcaster.app */;
			productType = "com.apple.product-type.application";
		};
/* End PBXNativeTarget section */

/* Begin PBXProject section */
		D7D4AECE1DC7F33D00A782F7 /* Project object */ = {
			isa = PBXProject;
			attributes = {
				LastUpgradeCheck = 0730;
				ORGANIZATIONNAME = ShuoTan;
				TargetAttributes = {
					D7D4AED51DC7F33D00A782F7 = {
						CreatedOnToolsVersion = 7.3.1;
						DevelopmentTeam = P2N553FFL7;
					};
				};
			};
			buildConfigurationList = D7D4AED11DC7F33D00A782F7 /* Build configuration list for PBXProject "LuluBroadcaster" */;
			compatibilityVersion = "Xcode 3.2";
			developmentRegion = English;
			hasScannedForEncodings = 0;
			knownRegions = (
				en,
				Base,
			);
			mainGroup = D7D4AECD1DC7F33D00A782F7;
			productRefGroup = D7D4AED71DC7F33D00A782F7 /* Products */;
			projectDirPath = "";
			projectRoot = "";
			targets = (
				D7D4AED51DC7F33D00A782F7 /* LuluBroadcaster */,
			);
		};
/* End PBXProject section */

/* Begin PBXResourcesBuildPhase section */
		D7D4AED41DC7F33D00A782F7 /* Resources */ = {
			isa = PBXResourcesBuildPhase;
			buildActionMask = 2147483647;
			files = (
				D77EA5E41DE2DD1F008B0669 /* TransactionCell.xib in Resources */,
				D7D89C121E09235000EA660B /* BettingController.xib in Resources */,
				D7D4AEE91DC7F33E00A782F7 /* LaunchScreen.storyboard in Resources */,
				D7DF038E1E079A5C0067129B /* ViewerCell.xib in Resources */,
				D7D4AEE61DC7F33E00A782F7 /* Assets.xcassets in Resources */,
				D726B0B01DDE84E2002B9068 /* StreamCell.xib in Resources */,
				D7D89C181E09FA3800EA660B /* PlayerDrawController.xib in Resources */,
				D7850CEA1DDFEB4B00E21D8A /* DanmuCell.xib in Resources */,
				D78D0B621DDA7CA100B01108 /* LoginController.xib in Resources */,
				D7BA5C641DCAD78C000F1AB7 /* LiveController.xib in Resources */,
				D77EA5F21DE2E3CD008B0669 /* NSDateTimeAgo.bundle in Resources */,
				D77EA5CC1DE1A1FC008B0669 /* HistoryCell.xib in Resources */,
				D7D89C0B1E09126D00EA660B /* GamePlatformController.xib in Resources */,
				D7D4AEE41DC7F33D00A782F7 /* Main.storyboard in Resources */,
			);
			runOnlyForDeploymentPostprocessing = 0;
		};
/* End PBXResourcesBuildPhase section */

/* Begin PBXShellScriptBuildPhase section */
		1D4A99349C993AE72D72DD63 /* [CP] Copy Pods Resources */ = {
			isa = PBXShellScriptBuildPhase;
			buildActionMask = 2147483647;
			files = (
			);
			inputPaths = (
			);
			name = "[CP] Copy Pods Resources";
			outputPaths = (
			);
			runOnlyForDeploymentPostprocessing = 0;
			shellPath = /bin/sh;
			shellScript = "\"${SRCROOT}/Pods/Target Support Files/Pods-LuluBroadcaster/Pods-LuluBroadcaster-resources.sh\"\n";
			showEnvVarsInLog = 0;
		};
		9CB68CE739E54D9D520A0928 /* [CP] Check Pods Manifest.lock */ = {
			isa = PBXShellScriptBuildPhase;
			buildActionMask = 2147483647;
			files = (
			);
			inputPaths = (
			);
			name = "[CP] Check Pods Manifest.lock";
			outputPaths = (
			);
			runOnlyForDeploymentPostprocessing = 0;
			shellPath = /bin/sh;
			shellScript = "diff \"${PODS_ROOT}/../Podfile.lock\" \"${PODS_ROOT}/Manifest.lock\" > /dev/null\nif [[ $? != 0 ]] ; then\n    cat << EOM\nerror: The sandbox is not in sync with the Podfile.lock. Run 'pod install' or update your CocoaPods installation.\nEOM\n    exit 1\nfi\n";
			showEnvVarsInLog = 0;
		};
		E8F2245A3D81F0691F2F7554 /* [CP] Embed Pods Frameworks */ = {
			isa = PBXShellScriptBuildPhase;
			buildActionMask = 2147483647;
			files = (
			);
			inputPaths = (
			);
			name = "[CP] Embed Pods Frameworks";
			outputPaths = (
			);
			runOnlyForDeploymentPostprocessing = 0;
			shellPath = /bin/sh;
			shellScript = "\"${SRCROOT}/Pods/Target Support Files/Pods-LuluBroadcaster/Pods-LuluBroadcaster-frameworks.sh\"\n";
			showEnvVarsInLog = 0;
		};
/* End PBXShellScriptBuildPhase section */

/* Begin PBXSourcesBuildPhase section */
		D7D4AED21DC7F33D00A782F7 /* Sources */ = {
			isa = PBXSourcesBuildPhase;
			buildActionMask = 2147483647;
			files = (
				D7D86E8D1DF286CE00815BEC /* LFGPUImageBeautyFilter.m in Sources */,
				D7850CE31DDFCBD900E21D8A /* DanmuDatasource.m in Sources */,
				D78D0C441DDD2C2E00DE1193 /* LuluSocket.m in Sources */,
				D71CAB2D1DE62D0500DC890E /* FaceDetector.m in Sources */,
				D722D6071DF9112A0067F1A9 /* SocketIO.m in Sources */,
				D77EA5BB1DE12FA5008B0669 /* HistoryViewController.m in Sources */,
				D722D6051DF9112A0067F1A9 /* SocketIOPacket.m in Sources */,
				D7DF03861E077A2E0067129B /* UserDataSource.m in Sources */,
				D76E56E71DD7E5C7004BE5B9 /* CustomerTabBarController.m in Sources */,
				D7501A731E049FB1000C7DED /* Card.m in Sources */,
				D7D4AEDE1DC7F33D00A782F7 /* AppDelegate.m in Sources */,
				D726B0B61DDEE5F2002B9068 /* ListRequest.m in Sources */,
				D7850CE91DDFEB4B00E21D8A /* DanmuCell.m in Sources */,
				D7850CDD1DDFC8B900E21D8A /* DanmuManager.m in Sources */,
				D76E56EA1DD91C37004BE5B9 /* LuluRequest.m in Sources */,
				D7850CE01DDFCA0300E21D8A /* Danmu.m in Sources */,
				D77EA5F11DE2E3CD008B0669 /* NSDate+TimeAgo.m in Sources */,
				D77EA5DA1DE2D71F008B0669 /* TransactionDatasource.m in Sources */,
				D7D4AF1C1DC8146400A782F7 /* StreamManager.m in Sources */,
				D76E56E31DD6A2BD004BE5B9 /* ColorConstant.m in Sources */,
				D722D6031DF9112A0067F1A9 /* SocketIOTransportXHR.m in Sources */,
				D7DF038D1E079A5C0067129B /* ViewerCell.m in Sources */,
				D7D89C0A1E09126D00EA660B /* GamePlatformController.m in Sources */,
				D7D4AF141DC80B4400A782F7 /* HomepageController.m in Sources */,
				D7D89C171E09FA3800EA660B /* PlayerDrawController.m in Sources */,
				D722D6061DF9112A0067F1A9 /* SocketIOJSONSerialization.m in Sources */,
				D7D4AF2D1DC863F100A782F7 /* LiveManager.m in Sources */,
				D726B0AF1DDE84E2002B9068 /* StreamCell.m in Sources */,
				D76E56ED1DD91C8D004BE5B9 /* Broadcaster.m in Sources */,
				D722D6101DF9116A0067F1A9 /* SRWebSocket.m in Sources */,
				D75590111DDC67D80050BB47 /* SettingViewController.m in Sources */,
				D7D4AF221DC817E400A782F7 /* SettingSession.m in Sources */,
				D7D86E8E1DF286CE00815BEC /* LFGPUImageEmptyFilter.m in Sources */,
				D7501A701E049F82000C7DED /* Scene.m in Sources */,
				D726B0B31DDEC093002B9068 /* BroadcasterDatasource.m in Sources */,
				D7BA5C631DCAD78C000F1AB7 /* LiveController.m in Sources */,
				D722D6121DF9116A0067F1A9 /* base64.c in Sources */,
				D722D6111DF9116A0067F1A9 /* NSData+SRB64Additions.m in Sources */,
				D722D5F41DF90FC50067F1A9 /* PomeloProtocol.m in Sources */,
				D7D4AF0A1DC8037100A782F7 /* UserSession.m in Sources */,
				D77EA5BE1DE14B52008B0669 /* HistoryRequest.m in Sources */,
				D7D4AEDB1DC7F33D00A782F7 /* main.m in Sources */,
				D77EA5CF1DE2C7EA008B0669 /* Transaction.m in Sources */,
				D70435251DC988A800EF5FAE /* GPUImageMyBeautifyFilter.m in Sources */,
				D78D0B611DDA7CA100B01108 /* LoginController.m in Sources */,
				D7D4AF181DC80E7700A782F7 /* CameraManager.m in Sources */,
				D77EA5CB1DE1A1FC008B0669 /* HistoryCell.m in Sources */,
				D77EA5C61DE1976E008B0669 /* HistoryDatasource.m in Sources */,
				D722D6161DF911CD0067F1A9 /* GameManager.m in Sources */,
				D76E56E01DD6A1BB004BE5B9 /* CustomerNavigationController.m in Sources */,
				D722D6041DF9112A0067F1A9 /* SocketIOTransportWebsocket.m in Sources */,
				D71CAB311DE6347C00DC890E /* FaceDetectManager.m in Sources */,
				D77EA5D31DE2C8C9008B0669 /* User.m in Sources */,
				D77EA5D61DE2D321008B0669 /* TransactionRequest.m in Sources */,
				D76D22561E20892600AB5D98 /* Broad.m in Sources */,
				D70435221DC9704F00EF5FAE /* YUGPUImageCVPixelBufferInput.m in Sources */,
				D77EA5E31DE2DD1F008B0669 /* TransactionCell.m in Sources */,
				D74B3B911DF44C2B00539722 /* ParamsController.m in Sources */,
				D7501A7D1E04ED74000C7DED /* LiveAlertView.m in Sources */,
				D77EA5DE1DE2D9D1008B0669 /* TransactionViewController.m in Sources */,
				D77EA5ED1DE2E3B6008B0669 /* NavigationRouter.m in Sources */,
				D7D89C111E09235000EA660B /* BettingController.m in Sources */,
				D78D0C4A1DDD2C8700DE1193 /* DanmuSocket.m in Sources */,
				D7501A761E04A282000C7DED /* CardValue.m in Sources */,
				D76E56F01DD924E3004BE5B9 /* LoginRequest.m in Sources */,
				D722D5F51DF90FC50067F1A9 /* Pomelo.m in Sources */,
			);
			runOnlyForDeploymentPostprocessing = 0;
		};
/* End PBXSourcesBuildPhase section */

/* Begin PBXVariantGroup section */
		D7D4AEE21DC7F33D00A782F7 /* Main.storyboard */ = {
			isa = PBXVariantGroup;
			children = (
				D7D4AEE31DC7F33D00A782F7 /* Base */,
			);
			name = Main.storyboard;
			path = LuluBroadcaster;
			sourceTree = "<group>";
		};
		D7D4AEE71DC7F33E00A782F7 /* LaunchScreen.storyboard */ = {
			isa = PBXVariantGroup;
			children = (
				D7D4AEE81DC7F33E00A782F7 /* Base */,
			);
			name = LaunchScreen.storyboard;
			path = LuluBroadcaster;
			sourceTree = "<group>";
		};
/* End PBXVariantGroup section */

/* Begin XCBuildConfiguration section */
		D7D4AEEB1DC7F33E00A782F7 /* Debug */ = {
			isa = XCBuildConfiguration;
			buildSettings = {
				ALWAYS_SEARCH_USER_PATHS = NO;
				CLANG_ANALYZER_NONNULL = YES;
				CLANG_CXX_LANGUAGE_STANDARD = "gnu++0x";
				CLANG_CXX_LIBRARY = "libc++";
				CLANG_ENABLE_MODULES = YES;
				CLANG_ENABLE_OBJC_ARC = YES;
				CLANG_WARN_BOOL_CONVERSION = YES;
				CLANG_WARN_CONSTANT_CONVERSION = YES;
				CLANG_WARN_DIRECT_OBJC_ISA_USAGE = YES_ERROR;
				CLANG_WARN_EMPTY_BODY = YES;
				CLANG_WARN_ENUM_CONVERSION = YES;
				CLANG_WARN_INT_CONVERSION = YES;
				CLANG_WARN_OBJC_ROOT_CLASS = YES_ERROR;
				CLANG_WARN_UNREACHABLE_CODE = YES;
				CLANG_WARN__DUPLICATE_METHOD_MATCH = YES;
				"CODE_SIGN_IDENTITY[sdk=iphoneos*]" = "iPhone Developer";
				COPY_PHASE_STRIP = NO;
				DEBUG_INFORMATION_FORMAT = dwarf;
				ENABLE_BITCODE = NO;
				ENABLE_STRICT_OBJC_MSGSEND = YES;
				ENABLE_TESTABILITY = YES;
				GCC_C_LANGUAGE_STANDARD = gnu99;
				GCC_DYNAMIC_NO_PIC = NO;
				GCC_NO_COMMON_BLOCKS = YES;
				GCC_OPTIMIZATION_LEVEL = 0;
				GCC_PREPROCESSOR_DEFINITIONS = (
					"DEBUG=1",
					"$(inherited)",
				);
				GCC_WARN_64_TO_32_BIT_CONVERSION = YES;
				GCC_WARN_ABOUT_RETURN_TYPE = YES_ERROR;
				GCC_WARN_UNDECLARED_SELECTOR = YES;
				GCC_WARN_UNINITIALIZED_AUTOS = YES_AGGRESSIVE;
				GCC_WARN_UNUSED_FUNCTION = YES;
				GCC_WARN_UNUSED_VARIABLE = YES;
				IPHONEOS_DEPLOYMENT_TARGET = 9.3;
				MTL_ENABLE_DEBUG_INFO = YES;
				ONLY_ACTIVE_ARCH = YES;
				SDKROOT = iphoneos;
				VALID_ARCHS = arm64;
			};
			name = Debug;
		};
		D7D4AEEC1DC7F33E00A782F7 /* Release */ = {
			isa = XCBuildConfiguration;
			buildSettings = {
				ALWAYS_SEARCH_USER_PATHS = NO;
				CLANG_ANALYZER_NONNULL = YES;
				CLANG_CXX_LANGUAGE_STANDARD = "gnu++0x";
				CLANG_CXX_LIBRARY = "libc++";
				CLANG_ENABLE_MODULES = YES;
				CLANG_ENABLE_OBJC_ARC = YES;
				CLANG_WARN_BOOL_CONVERSION = YES;
				CLANG_WARN_CONSTANT_CONVERSION = YES;
				CLANG_WARN_DIRECT_OBJC_ISA_USAGE = YES_ERROR;
				CLANG_WARN_EMPTY_BODY = YES;
				CLANG_WARN_ENUM_CONVERSION = YES;
				CLANG_WARN_INT_CONVERSION = YES;
				CLANG_WARN_OBJC_ROOT_CLASS = YES_ERROR;
				CLANG_WARN_UNREACHABLE_CODE = YES;
				CLANG_WARN__DUPLICATE_METHOD_MATCH = YES;
				"CODE_SIGN_IDENTITY[sdk=iphoneos*]" = "iPhone Developer";
				COPY_PHASE_STRIP = NO;
				DEBUG_INFORMATION_FORMAT = "dwarf-with-dsym";
				ENABLE_BITCODE = NO;
				ENABLE_NS_ASSERTIONS = NO;
				ENABLE_STRICT_OBJC_MSGSEND = YES;
				GCC_C_LANGUAGE_STANDARD = gnu99;
				GCC_NO_COMMON_BLOCKS = YES;
				GCC_WARN_64_TO_32_BIT_CONVERSION = YES;
				GCC_WARN_ABOUT_RETURN_TYPE = YES_ERROR;
				GCC_WARN_UNDECLARED_SELECTOR = YES;
				GCC_WARN_UNINITIALIZED_AUTOS = YES_AGGRESSIVE;
				GCC_WARN_UNUSED_FUNCTION = YES;
				GCC_WARN_UNUSED_VARIABLE = YES;
				IPHONEOS_DEPLOYMENT_TARGET = 9.3;
				MTL_ENABLE_DEBUG_INFO = NO;
				SDKROOT = iphoneos;
				VALIDATE_PRODUCT = YES;
				VALID_ARCHS = arm64;
			};
			name = Release;
		};
		D7D4AEEE1DC7F33E00A782F7 /* Debug */ = {
			isa = XCBuildConfiguration;
			baseConfigurationReference = 34C1BAE70B5550356746639A /* Pods-LuluBroadcaster.debug.xcconfig */;
			buildSettings = {
				ASSETCATALOG_COMPILER_APPICON_NAME = AppIcon;
				CODE_SIGN_IDENTITY = "iPhone Developer";
				"CODE_SIGN_IDENTITY[sdk=iphoneos*]" = "iPhone Developer";
				FRAMEWORK_SEARCH_PATHS = (
					"$(inherited)",
					"$(PROJECT_DIR)/lib/Insta/debug",
					"$(PROJECT_DIR)/lib/Insta/release",
					"$(PROJECT_DIR)",
					"$(PROJECT_DIR)/LuluBroadcaster",
					"$(PROJECT_DIR)/lib/GPUImage",
				);
				HEADER_SEARCH_PATHS = (
					"$(inherited)",
					"\"${PODS_ROOT}/Headers/Public\"",
					"\"$(PROJECT_DIR)/lib/ffmpeg/arm64/include\"",
				);
				INFOPLIST_FILE = LuluBroadcaster/Info.plist;
				IPHONEOS_DEPLOYMENT_TARGET = 8.3;
				LD_RUNPATH_SEARCH_PATHS = "$(inherited) @executable_path/Frameworks";
				LIBRARY_SEARCH_PATHS = (
					"$(inherited)",
					"$(PROJECT_DIR)/lib/ffmpeg/arm64/lib",
					"$(PROJECT_DIR)/lib/RtmpLivePushSDK/lib",
					"$(PROJECT_DIR)/lib/RtmpLivePushSDK/VideoCore/RtmpManager/lib",
				);
				ONLY_ACTIVE_ARCH = YES;
				OTHER_LDFLAGS = (
					"$(inherited)",
					"-licucore",
				);
				PRODUCT_BUNDLE_IDENTIFIER = com.lulu.bc;
				PRODUCT_NAME = "$(TARGET_NAME)";
				PROVISIONING_PROFILE = "";
				TARGETED_DEVICE_FAMILY = 1;
			};
			name = Debug;
		};
		D7D4AEEF1DC7F33E00A782F7 /* Release */ = {
			isa = XCBuildConfiguration;
			baseConfigurationReference = DAFDB40B4891175C98C3CFD9 /* Pods-LuluBroadcaster.release.xcconfig */;
			buildSettings = {
				ASSETCATALOG_COMPILER_APPICON_NAME = AppIcon;
				CODE_SIGN_IDENTITY = "iPhone Developer";
				"CODE_SIGN_IDENTITY[sdk=iphoneos*]" = "iPhone Developer";
				FRAMEWORK_SEARCH_PATHS = (
					"$(inherited)",
					"$(PROJECT_DIR)/lib/Insta/debug",
					"$(PROJECT_DIR)/lib/Insta/release",
					"$(PROJECT_DIR)",
					"$(PROJECT_DIR)/LuluBroadcaster",
					"$(PROJECT_DIR)/lib/GPUImage",
				);
				HEADER_SEARCH_PATHS = (
					"$(inherited)",
					"\"${PODS_ROOT}/Headers/Public\"",
					"\"$(PROJECT_DIR)/lib/ffmpeg/arm64/include\"",
				);
				INFOPLIST_FILE = LuluBroadcaster/Info.plist;
				IPHONEOS_DEPLOYMENT_TARGET = 8.3;
				LD_RUNPATH_SEARCH_PATHS = "$(inherited) @executable_path/Frameworks";
				LIBRARY_SEARCH_PATHS = (
					"$(inherited)",
					"$(PROJECT_DIR)/lib/ffmpeg/arm64/lib",
					"$(PROJECT_DIR)/lib/RtmpLivePushSDK/lib",
					"$(PROJECT_DIR)/lib/RtmpLivePushSDK/VideoCore/RtmpManager/lib",
				);
				ONLY_ACTIVE_ARCH = YES;
				OTHER_LDFLAGS = (
					"$(inherited)",
					"-licucore",
				);
				PRODUCT_BUNDLE_IDENTIFIER = com.lulu.bc;
				PRODUCT_NAME = "$(TARGET_NAME)";
				PROVISIONING_PROFILE = "";
				TARGETED_DEVICE_FAMILY = 1;
			};
			name = Release;
		};
/* End XCBuildConfiguration section */

/* Begin XCConfigurationList section */
		D7D4AED11DC7F33D00A782F7 /* Build configuration list for PBXProject "LuluBroadcaster" */ = {
			isa = XCConfigurationList;
			buildConfigurations = (
				D7D4AEEB1DC7F33E00A782F7 /* Debug */,
				D7D4AEEC1DC7F33E00A782F7 /* Release */,
			);
			defaultConfigurationIsVisible = 0;
			defaultConfigurationName = Release;
		};
		D7D4AEED1DC7F33E00A782F7 /* Build configuration list for PBXNativeTarget "LuluBroadcaster" */ = {
			isa = XCConfigurationList;
			buildConfigurations = (
				D7D4AEEE1DC7F33E00A782F7 /* Debug */,
				D7D4AEEF1DC7F33E00A782F7 /* Release */,
			);
			defaultConfigurationIsVisible = 0;
			defaultConfigurationName = Release;
		};
/* End XCConfigurationList section */
	};
	rootObject = D7D4AECE1DC7F33D00A782F7 /* Project object */;
}
